// !$*UTF8*$!
{
	archiveVersion = 1;
	classes = {
	};
	objectVersion = 46;
	objects = {

/* Begin PBXBuildFile section */
		CCA3DDC91CE60C1A00F36DE0 /* news_APPTests.m in Sources */ = {isa = PBXBuildFile; fileRef = CCA3DDC81CE60C1A00F36DE0 /* news_APPTests.m */; };
		CCA3DDD41CE60C1A00F36DE0 /* news_APPUITests.m in Sources */ = {isa = PBXBuildFile; fileRef = CCA3DDD31CE60C1A00F36DE0 /* news_APPUITests.m */; };
		CCB842501D16848A00AB6CA8 /* CreateVC.m in Sources */ = {isa = PBXBuildFile; fileRef = CCB841981D16848A00AB6CA8 /* CreateVC.m */; };
		CCB842511D16848A00AB6CA8 /* GuidePage.m in Sources */ = {isa = PBXBuildFile; fileRef = CCB8419A1D16848A00AB6CA8 /* GuidePage.m */; };
		CCB842521D16848A00AB6CA8 /* DetailsVC.m in Sources */ = {isa = PBXBuildFile; fileRef = CCB8419E1D16848A00AB6CA8 /* DetailsVC.m */; };
		CCB842531D16848A00AB6CA8 /* NewsPageViewController.m in Sources */ = {isa = PBXBuildFile; fileRef = CCB841A01D16848A00AB6CA8 /* NewsPageViewController.m */; };
		CCB842541D16848A00AB6CA8 /* NewsTableViewController.m in Sources */ = {isa = PBXBuildFile; fileRef = CCB841A21D16848A00AB6CA8 /* NewsTableViewController.m */; };
		CCB842551D16848A00AB6CA8 /* SingleTapGR.m in Sources */ = {isa = PBXBuildFile; fileRef = CCB841A41D16848A00AB6CA8 /* SingleTapGR.m */; };
		CCB842561D16848A00AB6CA8 /* SlidesDetailsVC.m in Sources */ = {isa = PBXBuildFile; fileRef = CCB841A61D16848A00AB6CA8 /* SlidesDetailsVC.m */; };
		CCB842571D16848A00AB6CA8 /* TitleCollectionVC.m in Sources */ = {isa = PBXBuildFile; fileRef = CCB841A91D16848A00AB6CA8 /* TitleCollectionVC.m */; };
		CCB842591D16848A00AB6CA8 /* AFHTTPSessionManager.m in Sources */ = {isa = PBXBuildFile; fileRef = CCB841B11D16848A00AB6CA8 /* AFHTTPSessionManager.m */; };
		CCB8425A1D16848A00AB6CA8 /* AFNetworkReachabilityManager.m in Sources */ = {isa = PBXBuildFile; fileRef = CCB841B41D16848A00AB6CA8 /* AFNetworkReachabilityManager.m */; };
		CCB8425B1D16848A00AB6CA8 /* AFSecurityPolicy.m in Sources */ = {isa = PBXBuildFile; fileRef = CCB841B61D16848A00AB6CA8 /* AFSecurityPolicy.m */; };
		CCB8425C1D16848A00AB6CA8 /* AFURLRequestSerialization.m in Sources */ = {isa = PBXBuildFile; fileRef = CCB841B81D16848A00AB6CA8 /* AFURLRequestSerialization.m */; };
		CCB8425D1D16848A00AB6CA8 /* AFURLResponseSerialization.m in Sources */ = {isa = PBXBuildFile; fileRef = CCB841BA1D16848A00AB6CA8 /* AFURLResponseSerialization.m */; };
		CCB8425E1D16848A00AB6CA8 /* AFURLSessionManager.m in Sources */ = {isa = PBXBuildFile; fileRef = CCB841BC1D16848A00AB6CA8 /* AFURLSessionManager.m */; };
		CCB8425F1D16848A00AB6CA8 /* LICENSE in Resources */ = {isa = PBXBuildFile; fileRef = CCB841BD1D16848A00AB6CA8 /* LICENSE */; };
		CCB842601D16848A00AB6CA8 /* README.md in Sources */ = {isa = PBXBuildFile; fileRef = CCB841BE1D16848A00AB6CA8 /* README.md */; };
		CCB842611D16848A00AB6CA8 /* AFAutoPurgingImageCache.m in Sources */ = {isa = PBXBuildFile; fileRef = CCB841C11D16848A00AB6CA8 /* AFAutoPurgingImageCache.m */; };
		CCB842621D16848A00AB6CA8 /* AFImageDownloader.m in Sources */ = {isa = PBXBuildFile; fileRef = CCB841C31D16848A00AB6CA8 /* AFImageDownloader.m */; };
		CCB842631D16848A00AB6CA8 /* AFNetworkActivityIndicatorManager.m in Sources */ = {isa = PBXBuildFile; fileRef = CCB841C51D16848A00AB6CA8 /* AFNetworkActivityIndicatorManager.m */; };
		CCB842641D16848A00AB6CA8 /* UIActivityIndicatorView+AFNetworking.m in Sources */ = {isa = PBXBuildFile; fileRef = CCB841C71D16848A00AB6CA8 /* UIActivityIndicatorView+AFNetworking.m */; };
		CCB842651D16848A00AB6CA8 /* UIButton+AFNetworking.m in Sources */ = {isa = PBXBuildFile; fileRef = CCB841C91D16848A00AB6CA8 /* UIButton+AFNetworking.m */; };
		CCB842661D16848A00AB6CA8 /* UIImageView+AFNetworking.m in Sources */ = {isa = PBXBuildFile; fileRef = CCB841CC1D16848A00AB6CA8 /* UIImageView+AFNetworking.m */; };
		CCB842671D16848A00AB6CA8 /* UIProgressView+AFNetworking.m in Sources */ = {isa = PBXBuildFile; fileRef = CCB841CF1D16848A00AB6CA8 /* UIProgressView+AFNetworking.m */; };
		CCB842681D16848A00AB6CA8 /* UIRefreshControl+AFNetworking.m in Sources */ = {isa = PBXBuildFile; fileRef = CCB841D11D16848A00AB6CA8 /* UIRefreshControl+AFNetworking.m */; };
		CCB842691D16848A00AB6CA8 /* UIWebView+AFNetworking.m in Sources */ = {isa = PBXBuildFile; fileRef = CCB841D31D16848A00AB6CA8 /* UIWebView+AFNetworking.m */; };
		CCB8426A1D16848A00AB6CA8 /* Info.plist in Resources */ = {isa = PBXBuildFile; fileRef = CCB841D51D16848A00AB6CA8 /* Info.plist */; };
		CCB8426B1D16848A00AB6CA8 /* MASCompositeConstraint.m in Sources */ = {isa = PBXBuildFile; fileRef = CCB841D71D16848A00AB6CA8 /* MASCompositeConstraint.m */; };
		CCB8426C1D16848A00AB6CA8 /* MASConstraint.m in Sources */ = {isa = PBXBuildFile; fileRef = CCB841DA1D16848A00AB6CA8 /* MASConstraint.m */; };
		CCB8426D1D16848A00AB6CA8 /* MASConstraintMaker.m in Sources */ = {isa = PBXBuildFile; fileRef = CCB841DC1D16848A00AB6CA8 /* MASConstraintMaker.m */; };
		CCB8426E1D16848A00AB6CA8 /* MASLayoutConstraint.m in Sources */ = {isa = PBXBuildFile; fileRef = CCB841DE1D16848A00AB6CA8 /* MASLayoutConstraint.m */; };
		CCB8426F1D16848A00AB6CA8 /* MASViewAttribute.m in Sources */ = {isa = PBXBuildFile; fileRef = CCB841E21D16848A00AB6CA8 /* MASViewAttribute.m */; };
		CCB842701D16848A00AB6CA8 /* MASViewConstraint.m in Sources */ = {isa = PBXBuildFile; fileRef = CCB841E41D16848A00AB6CA8 /* MASViewConstraint.m */; };
		CCB842711D16848A00AB6CA8 /* NSArray+MASAdditions.m in Sources */ = {isa = PBXBuildFile; fileRef = CCB841E61D16848A00AB6CA8 /* NSArray+MASAdditions.m */; };
		CCB842721D16848A00AB6CA8 /* NSLayoutConstraint+MASDebugAdditions.m in Sources */ = {isa = PBXBuildFile; fileRef = CCB841E91D16848A00AB6CA8 /* NSLayoutConstraint+MASDebugAdditions.m */; };
		CCB842731D16848A00AB6CA8 /* View+MASAdditions.m in Sources */ = {isa = PBXBuildFile; fileRef = CCB841EB1D16848A00AB6CA8 /* View+MASAdditions.m */; };
		CCB842741D16848A00AB6CA8 /* ViewController+MASAdditions.m in Sources */ = {isa = PBXBuildFile; fileRef = CCB841EE1D16848A00AB6CA8 /* ViewController+MASAdditions.m */; };
		CCB842751D16848A00AB6CA8 /* MKAnnotationView+WebCache.m in Sources */ = {isa = PBXBuildFile; fileRef = CCB841F11D16848A00AB6CA8 /* MKAnnotationView+WebCache.m */; };
		CCB842761D16848A00AB6CA8 /* NSData+ImageContentType.m in Sources */ = {isa = PBXBuildFile; fileRef = CCB841F31D16848A00AB6CA8 /* NSData+ImageContentType.m */; };
		CCB842771D16848A00AB6CA8 /* SDImageCache.m in Sources */ = {isa = PBXBuildFile; fileRef = CCB841F51D16848A00AB6CA8 /* SDImageCache.m */; };
		CCB842781D16848A00AB6CA8 /* SDWebImageCompat.m in Sources */ = {isa = PBXBuildFile; fileRef = CCB841F71D16848A00AB6CA8 /* SDWebImageCompat.m */; };
		CCB842791D16848A00AB6CA8 /* SDWebImageDecoder.m in Sources */ = {isa = PBXBuildFile; fileRef = CCB841F91D16848A00AB6CA8 /* SDWebImageDecoder.m */; };
		CCB8427A1D16848A00AB6CA8 /* SDWebImageDownloader.m in Sources */ = {isa = PBXBuildFile; fileRef = CCB841FB1D16848A00AB6CA8 /* SDWebImageDownloader.m */; };
		CCB8427B1D16848A00AB6CA8 /* SDWebImageDownloaderOperation.m in Sources */ = {isa = PBXBuildFile; fileRef = CCB841FD1D16848A00AB6CA8 /* SDWebImageDownloaderOperation.m */; };
		CCB8427C1D16848A00AB6CA8 /* SDWebImageManager.m in Sources */ = {isa = PBXBuildFile; fileRef = CCB841FF1D16848A00AB6CA8 /* SDWebImageManager.m */; };
		CCB8427D1D16848A00AB6CA8 /* SDWebImagePrefetcher.m in Sources */ = {isa = PBXBuildFile; fileRef = CCB842021D16848A00AB6CA8 /* SDWebImagePrefetcher.m */; };
		CCB8427E1D16848A00AB6CA8 /* UIButton+WebCache.m in Sources */ = {isa = PBXBuildFile; fileRef = CCB842041D16848A00AB6CA8 /* UIButton+WebCache.m */; };
		CCB8427F1D16848A00AB6CA8 /* UIImage+GIF.m in Sources */ = {isa = PBXBuildFile; fileRef = CCB842061D16848A00AB6CA8 /* UIImage+GIF.m */; };
		CCB842801D16848A00AB6CA8 /* UIImage+MultiFormat.m in Sources */ = {isa = PBXBuildFile; fileRef = CCB842081D16848A00AB6CA8 /* UIImage+MultiFormat.m */; };
		CCB842811D16848A00AB6CA8 /* UIImage+WebP.m in Sources */ = {isa = PBXBuildFile; fileRef = CCB8420A1D16848A00AB6CA8 /* UIImage+WebP.m */; };
		CCB842821D16848A00AB6CA8 /* UIImageView+HighlightedWebCache.m in Sources */ = {isa = PBXBuildFile; fileRef = CCB8420C1D16848A00AB6CA8 /* UIImageView+HighlightedWebCache.m */; };
		CCB842831D16848A00AB6CA8 /* UIImageView+WebCache.m in Sources */ = {isa = PBXBuildFile; fileRef = CCB8420E1D16848A00AB6CA8 /* UIImageView+WebCache.m */; };
		CCB842841D16848A00AB6CA8 /* UIView+WebCacheOperation.m in Sources */ = {isa = PBXBuildFile; fileRef = CCB842101D16848A00AB6CA8 /* UIView+WebCacheOperation.m */; };
		CCB842851D16848A00AB6CA8 /* MeTableViewController.m in Sources */ = {isa = PBXBuildFile; fileRef = CCB842121D16848A00AB6CA8 /* MeTableViewController.m */; };
		CCB842861D16848A00AB6CA8 /* AppDelegate.m in Sources */ = {isa = PBXBuildFile; fileRef = CCB842151D16848A00AB6CA8 /* AppDelegate.m */; };
		CCB842871D16848A00AB6CA8 /* Audio-VisualNavigationController.m in Sources */ = {isa = PBXBuildFile; fileRef = CCB842171D16848A00AB6CA8 /* Audio-VisualNavigationController.m */; };
		CCB842881D16848A00AB6CA8 /* guide_00.png in Resources */ = {isa = PBXBuildFile; fileRef = CCB8421A1D16848A00AB6CA8 /* guide_00.png */; };
		CCB842891D16848A00AB6CA8 /* guide_01.png in Resources */ = {isa = PBXBuildFile; fileRef = CCB8421B1D16848A00AB6CA8 /* guide_01.png */; };
		CCB8428A1D16848A00AB6CA8 /* guide_02.png in Resources */ = {isa = PBXBuildFile; fileRef = CCB8421C1D16848A00AB6CA8 /* guide_02.png */; };
		CCB8428B1D16848A00AB6CA8 /* guide_03.png in Resources */ = {isa = PBXBuildFile; fileRef = CCB8421D1D16848A00AB6CA8 /* guide_03.png */; };
		CCB8428C1D16848A00AB6CA8 /* guide_04.png in Resources */ = {isa = PBXBuildFile; fileRef = CCB8421E1D16848A00AB6CA8 /* guide_04.png */; };
		CCB8428D1D16848A00AB6CA8 /* btn_down.png in Resources */ = {isa = PBXBuildFile; fileRef = CCB842201D16848A00AB6CA8 /* btn_down.png */; };
		CCB8428E1D16848A00AB6CA8 /* collection.png in Resources */ = {isa = PBXBuildFile; fileRef = CCB842211D16848A00AB6CA8 /* collection.png */; };
		CCB8428F1D16848A00AB6CA8 /* comments.png in Resources */ = {isa = PBXBuildFile; fileRef = CCB842221D16848A00AB6CA8 /* comments.png */; };
		CCB842901D16848A00AB6CA8 /* downlode.png in Resources */ = {isa = PBXBuildFile; fileRef = CCB842231D16848A00AB6CA8 /* downlode.png */; };
		CCB842911D16848A00AB6CA8 /* feedback.png in Resources */ = {isa = PBXBuildFile; fileRef = CCB842241D16848A00AB6CA8 /* feedback.png */; };
		CCB842921D16848A00AB6CA8 /* hirstory.png in Resources */ = {isa = PBXBuildFile; fileRef = CCB842251D16848A00AB6CA8 /* hirstory.png */; };
		CCB842931D16848A00AB6CA8 /* login.png in Resources */ = {isa = PBXBuildFile; fileRef = CCB842261D16848A00AB6CA8 /* login.png */; };
		CCB842941D16848A00AB6CA8 /* mall.png in Resources */ = {isa = PBXBuildFile; fileRef = CCB842271D16848A00AB6CA8 /* mall.png */; };
		CCB842951D16848A00AB6CA8 /* message.png in Resources */ = {isa = PBXBuildFile; fileRef = CCB842281D16848A00AB6CA8 /* message.png */; };
		CCB842961D16848A00AB6CA8 /* news_ earth.png in Resources */ = {isa = PBXBuildFile; fileRef = CCB842291D16848A00AB6CA8 /* news_ earth.png */; };
		CCB842971D16848A00AB6CA8 /* reading.png in Resources */ = {isa = PBXBuildFile; fileRef = CCB8422A1D16848A00AB6CA8 /* reading.png */; };
		CCB842981D16848A00AB6CA8 /* setting.png in Resources */ = {isa = PBXBuildFile; fileRef = CCB8422B1D16848A00AB6CA8 /* setting.png */; };
		CCB842991D16848A00AB6CA8 /* newsTitle.plist in Resources */ = {isa = PBXBuildFile; fileRef = CCB8422C1D16848A00AB6CA8 /* newsTitle.plist */; };
		CCB8429A1D16848A00AB6CA8 /* NSDate+SSDate.m in Sources */ = {isa = PBXBuildFile; fileRef = CCB8422E1D16848A00AB6CA8 /* NSDate+SSDate.m */; };
		CCB8429B1D16848A00AB6CA8 /* tabBar_AV.png in Resources */ = {isa = PBXBuildFile; fileRef = CCB842301D16848A00AB6CA8 /* tabBar_AV.png */; };
		CCB8429C1D16848A00AB6CA8 /* tabBar_Hot.png in Resources */ = {isa = PBXBuildFile; fileRef = CCB842311D16848A00AB6CA8 /* tabBar_Hot.png */; };
		CCB8429D1D16848A00AB6CA8 /* tabBar_Me.png in Resources */ = {isa = PBXBuildFile; fileRef = CCB842321D16848A00AB6CA8 /* tabBar_Me.png */; };
		CCB8429E1D16848A00AB6CA8 /* tabBar_News.png in Resources */ = {isa = PBXBuildFile; fileRef = CCB842331D16848A00AB6CA8 /* tabBar_News.png */; };
		CCB8429F1D16848A00AB6CA8 /* ItemModel.m in Sources */ = {isa = PBXBuildFile; fileRef = CCB842361D16848A00AB6CA8 /* ItemModel.m */; };
		CCB842A01D16848A00AB6CA8 /* TitlesModel.m in Sources */ = {isa = PBXBuildFile; fileRef = CCB842381D16848A00AB6CA8 /* TitlesModel.m */; };
		CCB842A11D16848A00AB6CA8 /* Assets.xcassets in Resources */ = {isa = PBXBuildFile; fileRef = CCB8423A1D16848A00AB6CA8 /* Assets.xcassets */; };
		CCB842A21D16848A00AB6CA8 /* LaunchScreen.storyboard in Resources */ = {isa = PBXBuildFile; fileRef = CCB8423B1D16848A00AB6CA8 /* LaunchScreen.storyboard */; };
		CCB842A31D16848A00AB6CA8 /* Main.storyboard in Resources */ = {isa = PBXBuildFile; fileRef = CCB8423D1D16848A00AB6CA8 /* Main.storyboard */; };
		CCB842A61D16848A00AB6CA8 /* MyNewsCollectionView.m in Sources */ = {isa = PBXBuildFile; fileRef = CCB842431D16848A00AB6CA8 /* MyNewsCollectionView.m */; };
		CCB842A71D16848A00AB6CA8 /* MyNewsCollectionViewCell.m in Sources */ = {isa = PBXBuildFile; fileRef = CCB842471D16848A00AB6CA8 /* MyNewsCollectionViewCell.m */; };
		CCB842A81D16848A00AB6CA8 /* MyNewsCollectionViewCell.xib in Resources */ = {isa = PBXBuildFile; fileRef = CCB842481D16848A00AB6CA8 /* MyNewsCollectionViewCell.xib */; };
		CCB842A91D16848A00AB6CA8 /* NormalTableViewCell.m in Sources */ = {isa = PBXBuildFile; fileRef = CCB8424A1D16848A00AB6CA8 /* NormalTableViewCell.m */; };
		CCB842AA1D16848A00AB6CA8 /* NormalTableViewCell.xib in Resources */ = {isa = PBXBuildFile; fileRef = CCB8424B1D16848A00AB6CA8 /* NormalTableViewCell.xib */; };
		CCB842AB1D16848A00AB6CA8 /* SlidesDetailsVC.xib in Resources */ = {isa = PBXBuildFile; fileRef = CCB8424C1D16848A00AB6CA8 /* SlidesDetailsVC.xib */; };
		CCB842AC1D16848A00AB6CA8 /* SlidesTableViewCell.m in Sources */ = {isa = PBXBuildFile; fileRef = CCB8424E1D16848A00AB6CA8 /* SlidesTableViewCell.m */; };
		CCB842AD1D16848A00AB6CA8 /* SlidesTableViewCell.xib in Resources */ = {isa = PBXBuildFile; fileRef = CCB8424F1D16848A00AB6CA8 /* SlidesTableViewCell.xib */; };
		CCB842B01D16892800AB6CA8 /* Info.plist in Resources */ = {isa = PBXBuildFile; fileRef = CCB842AE1D16892800AB6CA8 /* Info.plist */; };
		CCB842B11D16892800AB6CA8 /* main.m in Sources */ = {isa = PBXBuildFile; fileRef = CCB842AF1D16892800AB6CA8 /* main.m */; };
		CCB842B41D168E5600AB6CA8 /* HotTableVC.m in Sources */ = {isa = PBXBuildFile; fileRef = CCB842B31D168E5600AB6CA8 /* HotTableVC.m */; };
		CCB842B81D16B66F00AB6CA8 /* HotNormolCell.m in Sources */ = {isa = PBXBuildFile; fileRef = CCB842B61D16B66F00AB6CA8 /* HotNormolCell.m */; };
		CCB842B91D16B66F00AB6CA8 /* HotNormolCell.xib in Resources */ = {isa = PBXBuildFile; fileRef = CCB842B71D16B66F00AB6CA8 /* HotNormolCell.xib */; };
/* End PBXBuildFile section */

/* Begin PBXContainerItemProxy section */
		CCA3DDC51CE60C1A00F36DE0 /* PBXContainerItemProxy */ = {
			isa = PBXContainerItemProxy;
			containerPortal = CCA3DDA31CE60C1A00F36DE0 /* Project object */;
			proxyType = 1;
			remoteGlobalIDString = CCA3DDAA1CE60C1A00F36DE0;
			remoteInfo = news_APP;
		};
		CCA3DDD01CE60C1A00F36DE0 /* PBXContainerItemProxy */ = {
			isa = PBXContainerItemProxy;
			containerPortal = CCA3DDA31CE60C1A00F36DE0 /* Project object */;
			proxyType = 1;
			remoteGlobalIDString = CCA3DDAA1CE60C1A00F36DE0;
			remoteInfo = news_APP;
		};
/* End PBXContainerItemProxy section */

/* Begin PBXFileReference section */
		CCA3DDAB1CE60C1A00F36DE0 /* news_APP.app */ = {isa = PBXFileReference; explicitFileType = wrapper.application; includeInIndex = 0; path = news_APP.app; sourceTree = BUILT_PRODUCTS_DIR; };
		CCA3DDC41CE60C1A00F36DE0 /* news_APPTests.xctest */ = {isa = PBXFileReference; explicitFileType = wrapper.cfbundle; includeInIndex = 0; path = news_APPTests.xctest; sourceTree = BUILT_PRODUCTS_DIR; };
		CCA3DDC81CE60C1A00F36DE0 /* news_APPTests.m */ = {isa = PBXFileReference; lastKnownFileType = sourcecode.c.objc; path = news_APPTests.m; sourceTree = "<group>"; };
		CCA3DDCA1CE60C1A00F36DE0 /* Info.plist */ = {isa = PBXFileReference; lastKnownFileType = text.plist.xml; path = Info.plist; sourceTree = "<group>"; };
		CCA3DDCF1CE60C1A00F36DE0 /* news_APPUITests.xctest */ = {isa = PBXFileReference; explicitFileType = wrapper.cfbundle; includeInIndex = 0; path = news_APPUITests.xctest; sourceTree = BUILT_PRODUCTS_DIR; };
		CCA3DDD31CE60C1A00F36DE0 /* news_APPUITests.m */ = {isa = PBXFileReference; lastKnownFileType = sourcecode.c.objc; path = news_APPUITests.m; sourceTree = "<group>"; };
		CCA3DDD51CE60C1A00F36DE0 /* Info.plist */ = {isa = PBXFileReference; lastKnownFileType = text.plist.xml; path = Info.plist; sourceTree = "<group>"; };
		CCB841971D16848A00AB6CA8 /* CreateVC.h */ = {isa = PBXFileReference; fileEncoding = 4; lastKnownFileType = sourcecode.c.h; path = CreateVC.h; sourceTree = "<group>"; };
		CCB841981D16848A00AB6CA8 /* CreateVC.m */ = {isa = PBXFileReference; fileEncoding = 4; lastKnownFileType = sourcecode.c.objc; path = CreateVC.m; sourceTree = "<group>"; };
		CCB841991D16848A00AB6CA8 /* GuidePage.h */ = {isa = PBXFileReference; fileEncoding = 4; lastKnownFileType = sourcecode.c.h; path = GuidePage.h; sourceTree = "<group>"; };
		CCB8419A1D16848A00AB6CA8 /* GuidePage.m */ = {isa = PBXFileReference; fileEncoding = 4; lastKnownFileType = sourcecode.c.objc; path = GuidePage.m; sourceTree = "<group>"; };
		CCB8419D1D16848A00AB6CA8 /* DetailsVC.h */ = {isa = PBXFileReference; fileEncoding = 4; lastKnownFileType = sourcecode.c.h; path = DetailsVC.h; sourceTree = "<group>"; };
		CCB8419E1D16848A00AB6CA8 /* DetailsVC.m */ = {isa = PBXFileReference; fileEncoding = 4; lastKnownFileType = sourcecode.c.objc; path = DetailsVC.m; sourceTree = "<group>"; };
		CCB8419F1D16848A00AB6CA8 /* NewsPageViewController.h */ = {isa = PBXFileReference; fileEncoding = 4; lastKnownFileType = sourcecode.c.h; path = NewsPageViewController.h; sourceTree = "<group>"; };
		CCB841A01D16848A00AB6CA8 /* NewsPageViewController.m */ = {isa = PBXFileReference; fileEncoding = 4; lastKnownFileType = sourcecode.c.objc; path = NewsPageViewController.m; sourceTree = "<group>"; };
		CCB841A11D16848A00AB6CA8 /* NewsTableViewController.h */ = {isa = PBXFileReference; fileEncoding = 4; lastKnownFileType = sourcecode.c.h; path = NewsTableViewController.h; sourceTree = "<group>"; };
		CCB841A21D16848A00AB6CA8 /* NewsTableViewController.m */ = {isa = PBXFileReference; fileEncoding = 4; lastKnownFileType = sourcecode.c.objc; path = NewsTableViewController.m; sourceTree = "<group>"; };
		CCB841A31D16848A00AB6CA8 /* SingleTapGR.h */ = {isa = PBXFileReference; fileEncoding = 4; lastKnownFileType = sourcecode.c.h; path = SingleTapGR.h; sourceTree = "<group>"; };
		CCB841A41D16848A00AB6CA8 /* SingleTapGR.m */ = {isa = PBXFileReference; fileEncoding = 4; lastKnownFileType = sourcecode.c.objc; path = SingleTapGR.m; sourceTree = "<group>"; };
		CCB841A51D16848A00AB6CA8 /* SlidesDetailsVC.h */ = {isa = PBXFileReference; fileEncoding = 4; lastKnownFileType = sourcecode.c.h; path = SlidesDetailsVC.h; sourceTree = "<group>"; };
		CCB841A61D16848A00AB6CA8 /* SlidesDetailsVC.m */ = {isa = PBXFileReference; fileEncoding = 4; lastKnownFileType = sourcecode.c.objc; path = SlidesDetailsVC.m; sourceTree = "<group>"; };
		CCB841A71D16848A00AB6CA8 /* ThisPageVCHeader.h */ = {isa = PBXFileReference; fileEncoding = 4; lastKnownFileType = sourcecode.c.h; path = ThisPageVCHeader.h; sourceTree = "<group>"; };
		CCB841A81D16848A00AB6CA8 /* TitleCollectionVC.h */ = {isa = PBXFileReference; fileEncoding = 4; lastKnownFileType = sourcecode.c.h; path = TitleCollectionVC.h; sourceTree = "<group>"; };
		CCB841A91D16848A00AB6CA8 /* TitleCollectionVC.m */ = {isa = PBXFileReference; fileEncoding = 4; lastKnownFileType = sourcecode.c.objc; path = TitleCollectionVC.m; sourceTree = "<group>"; };
		CCB841AA1D16848A00AB6CA8 /* TabBarHeader.h */ = {isa = PBXFileReference; fileEncoding = 4; lastKnownFileType = sourcecode.c.h; path = TabBarHeader.h; sourceTree = "<group>"; };
		CCB841B01D16848A00AB6CA8 /* AFHTTPSessionManager.h */ = {isa = PBXFileReference; fileEncoding = 4; lastKnownFileType = sourcecode.c.h; path = AFHTTPSessionManager.h; sourceTree = "<group>"; };
		CCB841B11D16848A00AB6CA8 /* AFHTTPSessionManager.m */ = {isa = PBXFileReference; fileEncoding = 4; lastKnownFileType = sourcecode.c.objc; path = AFHTTPSessionManager.m; sourceTree = "<group>"; };
		CCB841B21D16848A00AB6CA8 /* AFNetworking.h */ = {isa = PBXFileReference; fileEncoding = 4; lastKnownFileType = sourcecode.c.h; path = AFNetworking.h; sourceTree = "<group>"; };
		CCB841B31D16848A00AB6CA8 /* AFNetworkReachabilityManager.h */ = {isa = PBXFileReference; fileEncoding = 4; lastKnownFileType = sourcecode.c.h; path = AFNetworkReachabilityManager.h; sourceTree = "<group>"; };
		CCB841B41D16848A00AB6CA8 /* AFNetworkReachabilityManager.m */ = {isa = PBXFileReference; fileEncoding = 4; lastKnownFileType = sourcecode.c.objc; path = AFNetworkReachabilityManager.m; sourceTree = "<group>"; };
		CCB841B51D16848A00AB6CA8 /* AFSecurityPolicy.h */ = {isa = PBXFileReference; fileEncoding = 4; lastKnownFileType = sourcecode.c.h; path = AFSecurityPolicy.h; sourceTree = "<group>"; };
		CCB841B61D16848A00AB6CA8 /* AFSecurityPolicy.m */ = {isa = PBXFileReference; fileEncoding = 4; lastKnownFileType = sourcecode.c.objc; path = AFSecurityPolicy.m; sourceTree = "<group>"; };
		CCB841B71D16848A00AB6CA8 /* AFURLRequestSerialization.h */ = {isa = PBXFileReference; fileEncoding = 4; lastKnownFileType = sourcecode.c.h; path = AFURLRequestSerialization.h; sourceTree = "<group>"; };
		CCB841B81D16848A00AB6CA8 /* AFURLRequestSerialization.m */ = {isa = PBXFileReference; fileEncoding = 4; lastKnownFileType = sourcecode.c.objc; path = AFURLRequestSerialization.m; sourceTree = "<group>"; };
		CCB841B91D16848A00AB6CA8 /* AFURLResponseSerialization.h */ = {isa = PBXFileReference; fileEncoding = 4; lastKnownFileType = sourcecode.c.h; path = AFURLResponseSerialization.h; sourceTree = "<group>"; };
		CCB841BA1D16848A00AB6CA8 /* AFURLResponseSerialization.m */ = {isa = PBXFileReference; fileEncoding = 4; lastKnownFileType = sourcecode.c.objc; path = AFURLResponseSerialization.m; sourceTree = "<group>"; };
		CCB841BB1D16848A00AB6CA8 /* AFURLSessionManager.h */ = {isa = PBXFileReference; fileEncoding = 4; lastKnownFileType = sourcecode.c.h; path = AFURLSessionManager.h; sourceTree = "<group>"; };
		CCB841BC1D16848A00AB6CA8 /* AFURLSessionManager.m */ = {isa = PBXFileReference; fileEncoding = 4; lastKnownFileType = sourcecode.c.objc; path = AFURLSessionManager.m; sourceTree = "<group>"; };
		CCB841BD1D16848A00AB6CA8 /* LICENSE */ = {isa = PBXFileReference; fileEncoding = 4; lastKnownFileType = text; path = LICENSE; sourceTree = "<group>"; };
		CCB841BE1D16848A00AB6CA8 /* README.md */ = {isa = PBXFileReference; fileEncoding = 4; lastKnownFileType = net.daringfireball.markdown; path = README.md; sourceTree = "<group>"; };
		CCB841C01D16848A00AB6CA8 /* AFAutoPurgingImageCache.h */ = {isa = PBXFileReference; fileEncoding = 4; lastKnownFileType = sourcecode.c.h; path = AFAutoPurgingImageCache.h; sourceTree = "<group>"; };
		CCB841C11D16848A00AB6CA8 /* AFAutoPurgingImageCache.m */ = {isa = PBXFileReference; fileEncoding = 4; lastKnownFileType = sourcecode.c.objc; path = AFAutoPurgingImageCache.m; sourceTree = "<group>"; };
		CCB841C21D16848A00AB6CA8 /* AFImageDownloader.h */ = {isa = PBXFileReference; fileEncoding = 4; lastKnownFileType = sourcecode.c.h; path = AFImageDownloader.h; sourceTree = "<group>"; };
		CCB841C31D16848A00AB6CA8 /* AFImageDownloader.m */ = {isa = PBXFileReference; fileEncoding = 4; lastKnownFileType = sourcecode.c.objc; path = AFImageDownloader.m; sourceTree = "<group>"; };
		CCB841C41D16848A00AB6CA8 /* AFNetworkActivityIndicatorManager.h */ = {isa = PBXFileReference; fileEncoding = 4; lastKnownFileType = sourcecode.c.h; path = AFNetworkActivityIndicatorManager.h; sourceTree = "<group>"; };
		CCB841C51D16848A00AB6CA8 /* AFNetworkActivityIndicatorManager.m */ = {isa = PBXFileReference; fileEncoding = 4; lastKnownFileType = sourcecode.c.objc; path = AFNetworkActivityIndicatorManager.m; sourceTree = "<group>"; };
		CCB841C61D16848A00AB6CA8 /* UIActivityIndicatorView+AFNetworking.h */ = {isa = PBXFileReference; fileEncoding = 4; lastKnownFileType = sourcecode.c.h; path = "UIActivityIndicatorView+AFNetworking.h"; sourceTree = "<group>"; };
		CCB841C71D16848A00AB6CA8 /* UIActivityIndicatorView+AFNetworking.m */ = {isa = PBXFileReference; fileEncoding = 4; lastKnownFileType = sourcecode.c.objc; path = "UIActivityIndicatorView+AFNetworking.m"; sourceTree = "<group>"; };
		CCB841C81D16848A00AB6CA8 /* UIButton+AFNetworking.h */ = {isa = PBXFileReference; fileEncoding = 4; lastKnownFileType = sourcecode.c.h; path = "UIButton+AFNetworking.h"; sourceTree = "<group>"; };
		CCB841C91D16848A00AB6CA8 /* UIButton+AFNetworking.m */ = {isa = PBXFileReference; fileEncoding = 4; lastKnownFileType = sourcecode.c.objc; path = "UIButton+AFNetworking.m"; sourceTree = "<group>"; };
		CCB841CA1D16848A00AB6CA8 /* UIImage+AFNetworking.h */ = {isa = PBXFileReference; fileEncoding = 4; lastKnownFileType = sourcecode.c.h; path = "UIImage+AFNetworking.h"; sourceTree = "<group>"; };
		CCB841CB1D16848A00AB6CA8 /* UIImageView+AFNetworking.h */ = {isa = PBXFileReference; fileEncoding = 4; lastKnownFileType = sourcecode.c.h; path = "UIImageView+AFNetworking.h"; sourceTree = "<group>"; };
		CCB841CC1D16848A00AB6CA8 /* UIImageView+AFNetworking.m */ = {isa = PBXFileReference; fileEncoding = 4; lastKnownFileType = sourcecode.c.objc; path = "UIImageView+AFNetworking.m"; sourceTree = "<group>"; };
		CCB841CD1D16848A00AB6CA8 /* UIKit+AFNetworking.h */ = {isa = PBXFileReference; fileEncoding = 4; lastKnownFileType = sourcecode.c.h; path = "UIKit+AFNetworking.h"; sourceTree = "<group>"; };
		CCB841CE1D16848A00AB6CA8 /* UIProgressView+AFNetworking.h */ = {isa = PBXFileReference; fileEncoding = 4; lastKnownFileType = sourcecode.c.h; path = "UIProgressView+AFNetworking.h"; sourceTree = "<group>"; };
		CCB841CF1D16848A00AB6CA8 /* UIProgressView+AFNetworking.m */ = {isa = PBXFileReference; fileEncoding = 4; lastKnownFileType = sourcecode.c.objc; path = "UIProgressView+AFNetworking.m"; sourceTree = "<group>"; };
		CCB841D01D16848A00AB6CA8 /* UIRefreshControl+AFNetworking.h */ = {isa = PBXFileReference; fileEncoding = 4; lastKnownFileType = sourcecode.c.h; path = "UIRefreshControl+AFNetworking.h"; sourceTree = "<group>"; };
		CCB841D11D16848A00AB6CA8 /* UIRefreshControl+AFNetworking.m */ = {isa = PBXFileReference; fileEncoding = 4; lastKnownFileType = sourcecode.c.objc; path = "UIRefreshControl+AFNetworking.m"; sourceTree = "<group>"; };
		CCB841D21D16848A00AB6CA8 /* UIWebView+AFNetworking.h */ = {isa = PBXFileReference; fileEncoding = 4; lastKnownFileType = sourcecode.c.h; path = "UIWebView+AFNetworking.h"; sourceTree = "<group>"; };
		CCB841D31D16848A00AB6CA8 /* UIWebView+AFNetworking.m */ = {isa = PBXFileReference; fileEncoding = 4; lastKnownFileType = sourcecode.c.objc; path = "UIWebView+AFNetworking.m"; sourceTree = "<group>"; };
		CCB841D51D16848A00AB6CA8 /* Info.plist */ = {isa = PBXFileReference; fileEncoding = 4; lastKnownFileType = text.plist.xml; path = Info.plist; sourceTree = "<group>"; };
		CCB841D61D16848A00AB6CA8 /* MASCompositeConstraint.h */ = {isa = PBXFileReference; fileEncoding = 4; lastKnownFileType = sourcecode.c.h; path = MASCompositeConstraint.h; sourceTree = "<group>"; };
		CCB841D71D16848A00AB6CA8 /* MASCompositeConstraint.m */ = {isa = PBXFileReference; fileEncoding = 4; lastKnownFileType = sourcecode.c.objc; path = MASCompositeConstraint.m; sourceTree = "<group>"; };
		CCB841D81D16848A00AB6CA8 /* MASConstraint+Private.h */ = {isa = PBXFileReference; fileEncoding = 4; lastKnownFileType = sourcecode.c.h; path = "MASConstraint+Private.h"; sourceTree = "<group>"; };
		CCB841D91D16848A00AB6CA8 /* MASConstraint.h */ = {isa = PBXFileReference; fileEncoding = 4; lastKnownFileType = sourcecode.c.h; path = MASConstraint.h; sourceTree = "<group>"; };
		CCB841DA1D16848A00AB6CA8 /* MASConstraint.m */ = {isa = PBXFileReference; fileEncoding = 4; lastKnownFileType = sourcecode.c.objc; path = MASConstraint.m; sourceTree = "<group>"; };
		CCB841DB1D16848A00AB6CA8 /* MASConstraintMaker.h */ = {isa = PBXFileReference; fileEncoding = 4; lastKnownFileType = sourcecode.c.h; path = MASConstraintMaker.h; sourceTree = "<group>"; };
		CCB841DC1D16848A00AB6CA8 /* MASConstraintMaker.m */ = {isa = PBXFileReference; fileEncoding = 4; lastKnownFileType = sourcecode.c.objc; path = MASConstraintMaker.m; sourceTree = "<group>"; };
		CCB841DD1D16848A00AB6CA8 /* MASLayoutConstraint.h */ = {isa = PBXFileReference; fileEncoding = 4; lastKnownFileType = sourcecode.c.h; path = MASLayoutConstraint.h; sourceTree = "<group>"; };
		CCB841DE1D16848A00AB6CA8 /* MASLayoutConstraint.m */ = {isa = PBXFileReference; fileEncoding = 4; lastKnownFileType = sourcecode.c.objc; path = MASLayoutConstraint.m; sourceTree = "<group>"; };
		CCB841DF1D16848A00AB6CA8 /* Masonry.h */ = {isa = PBXFileReference; fileEncoding = 4; lastKnownFileType = sourcecode.c.h; path = Masonry.h; sourceTree = "<group>"; };
		CCB841E01D16848A00AB6CA8 /* MASUtilities.h */ = {isa = PBXFileReference; fileEncoding = 4; lastKnownFileType = sourcecode.c.h; path = MASUtilities.h; sourceTree = "<group>"; };
		CCB841E11D16848A00AB6CA8 /* MASViewAttribute.h */ = {isa = PBXFileReference; fileEncoding = 4; lastKnownFileType = sourcecode.c.h; path = MASViewAttribute.h; sourceTree = "<group>"; };
		CCB841E21D16848A00AB6CA8 /* MASViewAttribute.m */ = {isa = PBXFileReference; fileEncoding = 4; lastKnownFileType = sourcecode.c.objc; path = MASViewAttribute.m; sourceTree = "<group>"; };
		CCB841E31D16848A00AB6CA8 /* MASViewConstraint.h */ = {isa = PBXFileReference; fileEncoding = 4; lastKnownFileType = sourcecode.c.h; path = MASViewConstraint.h; sourceTree = "<group>"; };
		CCB841E41D16848A00AB6CA8 /* MASViewConstraint.m */ = {isa = PBXFileReference; fileEncoding = 4; lastKnownFileType = sourcecode.c.objc; path = MASViewConstraint.m; sourceTree = "<group>"; };
		CCB841E51D16848A00AB6CA8 /* NSArray+MASAdditions.h */ = {isa = PBXFileReference; fileEncoding = 4; lastKnownFileType = sourcecode.c.h; path = "NSArray+MASAdditions.h"; sourceTree = "<group>"; };
		CCB841E61D16848A00AB6CA8 /* NSArray+MASAdditions.m */ = {isa = PBXFileReference; fileEncoding = 4; lastKnownFileType = sourcecode.c.objc; path = "NSArray+MASAdditions.m"; sourceTree = "<group>"; };
		CCB841E71D16848A00AB6CA8 /* NSArray+MASShorthandAdditions.h */ = {isa = PBXFileReference; fileEncoding = 4; lastKnownFileType = sourcecode.c.h; path = "NSArray+MASShorthandAdditions.h"; sourceTree = "<group>"; };
		CCB841E81D16848A00AB6CA8 /* NSLayoutConstraint+MASDebugAdditions.h */ = {isa = PBXFileReference; fileEncoding = 4; lastKnownFileType = sourcecode.c.h; path = "NSLayoutConstraint+MASDebugAdditions.h"; sourceTree = "<group>"; };
		CCB841E91D16848A00AB6CA8 /* NSLayoutConstraint+MASDebugAdditions.m */ = {isa = PBXFileReference; fileEncoding = 4; lastKnownFileType = sourcecode.c.objc; path = "NSLayoutConstraint+MASDebugAdditions.m"; sourceTree = "<group>"; };
		CCB841EA1D16848A00AB6CA8 /* View+MASAdditions.h */ = {isa = PBXFileReference; fileEncoding = 4; lastKnownFileType = sourcecode.c.h; path = "View+MASAdditions.h"; sourceTree = "<group>"; };
		CCB841EB1D16848A00AB6CA8 /* View+MASAdditions.m */ = {isa = PBXFileReference; fileEncoding = 4; lastKnownFileType = sourcecode.c.objc; path = "View+MASAdditions.m"; sourceTree = "<group>"; };
		CCB841EC1D16848A00AB6CA8 /* View+MASShorthandAdditions.h */ = {isa = PBXFileReference; fileEncoding = 4; lastKnownFileType = sourcecode.c.h; path = "View+MASShorthandAdditions.h"; sourceTree = "<group>"; };
		CCB841ED1D16848A00AB6CA8 /* ViewController+MASAdditions.h */ = {isa = PBXFileReference; fileEncoding = 4; lastKnownFileType = sourcecode.c.h; path = "ViewController+MASAdditions.h"; sourceTree = "<group>"; };
		CCB841EE1D16848A00AB6CA8 /* ViewController+MASAdditions.m */ = {isa = PBXFileReference; fileEncoding = 4; lastKnownFileType = sourcecode.c.objc; path = "ViewController+MASAdditions.m"; sourceTree = "<group>"; };
		CCB841F01D16848A00AB6CA8 /* MKAnnotationView+WebCache.h */ = {isa = PBXFileReference; fileEncoding = 4; lastKnownFileType = sourcecode.c.h; path = "MKAnnotationView+WebCache.h"; sourceTree = "<group>"; };
		CCB841F11D16848A00AB6CA8 /* MKAnnotationView+WebCache.m */ = {isa = PBXFileReference; fileEncoding = 4; lastKnownFileType = sourcecode.c.objc; path = "MKAnnotationView+WebCache.m"; sourceTree = "<group>"; };
		CCB841F21D16848A00AB6CA8 /* NSData+ImageContentType.h */ = {isa = PBXFileReference; fileEncoding = 4; lastKnownFileType = sourcecode.c.h; path = "NSData+ImageContentType.h"; sourceTree = "<group>"; };
		CCB841F31D16848A00AB6CA8 /* NSData+ImageContentType.m */ = {isa = PBXFileReference; fileEncoding = 4; lastKnownFileType = sourcecode.c.objc; path = "NSData+ImageContentType.m"; sourceTree = "<group>"; };
		CCB841F41D16848A00AB6CA8 /* SDImageCache.h */ = {isa = PBXFileReference; fileEncoding = 4; lastKnownFileType = sourcecode.c.h; path = SDImageCache.h; sourceTree = "<group>"; };
		CCB841F51D16848A00AB6CA8 /* SDImageCache.m */ = {isa = PBXFileReference; fileEncoding = 4; lastKnownFileType = sourcecode.c.objc; path = SDImageCache.m; sourceTree = "<group>"; };
		CCB841F61D16848A00AB6CA8 /* SDWebImageCompat.h */ = {isa = PBXFileReference; fileEncoding = 4; lastKnownFileType = sourcecode.c.h; path = SDWebImageCompat.h; sourceTree = "<group>"; };
		CCB841F71D16848A00AB6CA8 /* SDWebImageCompat.m */ = {isa = PBXFileReference; fileEncoding = 4; lastKnownFileType = sourcecode.c.objc; path = SDWebImageCompat.m; sourceTree = "<group>"; };
		CCB841F81D16848A00AB6CA8 /* SDWebImageDecoder.h */ = {isa = PBXFileReference; fileEncoding = 4; lastKnownFileType = sourcecode.c.h; path = SDWebImageDecoder.h; sourceTree = "<group>"; };
		CCB841F91D16848A00AB6CA8 /* SDWebImageDecoder.m */ = {isa = PBXFileReference; fileEncoding = 4; lastKnownFileType = sourcecode.c.objc; path = SDWebImageDecoder.m; sourceTree = "<group>"; };
		CCB841FA1D16848A00AB6CA8 /* SDWebImageDownloader.h */ = {isa = PBXFileReference; fileEncoding = 4; lastKnownFileType = sourcecode.c.h; path = SDWebImageDownloader.h; sourceTree = "<group>"; };
		CCB841FB1D16848A00AB6CA8 /* SDWebImageDownloader.m */ = {isa = PBXFileReference; fileEncoding = 4; lastKnownFileType = sourcecode.c.objc; path = SDWebImageDownloader.m; sourceTree = "<group>"; };
		CCB841FC1D16848A00AB6CA8 /* SDWebImageDownloaderOperation.h */ = {isa = PBXFileReference; fileEncoding = 4; lastKnownFileType = sourcecode.c.h; path = SDWebImageDownloaderOperation.h; sourceTree = "<group>"; };
		CCB841FD1D16848A00AB6CA8 /* SDWebImageDownloaderOperation.m */ = {isa = PBXFileReference; fileEncoding = 4; lastKnownFileType = sourcecode.c.objc; path = SDWebImageDownloaderOperation.m; sourceTree = "<group>"; };
		CCB841FE1D16848A00AB6CA8 /* SDWebImageManager.h */ = {isa = PBXFileReference; fileEncoding = 4; lastKnownFileType = sourcecode.c.h; path = SDWebImageManager.h; sourceTree = "<group>"; };
		CCB841FF1D16848A00AB6CA8 /* SDWebImageManager.m */ = {isa = PBXFileReference; fileEncoding = 4; lastKnownFileType = sourcecode.c.objc; path = SDWebImageManager.m; sourceTree = "<group>"; };
		CCB842001D16848A00AB6CA8 /* SDWebImageOperation.h */ = {isa = PBXFileReference; fileEncoding = 4; lastKnownFileType = sourcecode.c.h; path = SDWebImageOperation.h; sourceTree = "<group>"; };
		CCB842011D16848A00AB6CA8 /* SDWebImagePrefetcher.h */ = {isa = PBXFileReference; fileEncoding = 4; lastKnownFileType = sourcecode.c.h; path = SDWebImagePrefetcher.h; sourceTree = "<group>"; };
		CCB842021D16848A00AB6CA8 /* SDWebImagePrefetcher.m */ = {isa = PBXFileReference; fileEncoding = 4; lastKnownFileType = sourcecode.c.objc; path = SDWebImagePrefetcher.m; sourceTree = "<group>"; };
		CCB842031D16848A00AB6CA8 /* UIButton+WebCache.h */ = {isa = PBXFileReference; fileEncoding = 4; lastKnownFileType = sourcecode.c.h; path = "UIButton+WebCache.h"; sourceTree = "<group>"; };
		CCB842041D16848A00AB6CA8 /* UIButton+WebCache.m */ = {isa = PBXFileReference; fileEncoding = 4; lastKnownFileType = sourcecode.c.objc; path = "UIButton+WebCache.m"; sourceTree = "<group>"; };
		CCB842051D16848A00AB6CA8 /* UIImage+GIF.h */ = {isa = PBXFileReference; fileEncoding = 4; lastKnownFileType = sourcecode.c.h; path = "UIImage+GIF.h"; sourceTree = "<group>"; };
		CCB842061D16848A00AB6CA8 /* UIImage+GIF.m */ = {isa = PBXFileReference; fileEncoding = 4; lastKnownFileType = sourcecode.c.objc; path = "UIImage+GIF.m"; sourceTree = "<group>"; };
		CCB842071D16848A00AB6CA8 /* UIImage+MultiFormat.h */ = {isa = PBXFileReference; fileEncoding = 4; lastKnownFileType = sourcecode.c.h; path = "UIImage+MultiFormat.h"; sourceTree = "<group>"; };
		CCB842081D16848A00AB6CA8 /* UIImage+MultiFormat.m */ = {isa = PBXFileReference; fileEncoding = 4; lastKnownFileType = sourcecode.c.objc; path = "UIImage+MultiFormat.m"; sourceTree = "<group>"; };
		CCB842091D16848A00AB6CA8 /* UIImage+WebP.h */ = {isa = PBXFileReference; fileEncoding = 4; lastKnownFileType = sourcecode.c.h; path = "UIImage+WebP.h"; sourceTree = "<group>"; };
		CCB8420A1D16848A00AB6CA8 /* UIImage+WebP.m */ = {isa = PBXFileReference; fileEncoding = 4; lastKnownFileType = sourcecode.c.objc; path = "UIImage+WebP.m"; sourceTree = "<group>"; };
		CCB8420B1D16848A00AB6CA8 /* UIImageView+HighlightedWebCache.h */ = {isa = PBXFileReference; fileEncoding = 4; lastKnownFileType = sourcecode.c.h; path = "UIImageView+HighlightedWebCache.h"; sourceTree = "<group>"; };
		CCB8420C1D16848A00AB6CA8 /* UIImageView+HighlightedWebCache.m */ = {isa = PBXFileReference; fileEncoding = 4; lastKnownFileType = sourcecode.c.objc; path = "UIImageView+HighlightedWebCache.m"; sourceTree = "<group>"; };
		CCB8420D1D16848A00AB6CA8 /* UIImageView+WebCache.h */ = {isa = PBXFileReference; fileEncoding = 4; lastKnownFileType = sourcecode.c.h; path = "UIImageView+WebCache.h"; sourceTree = "<group>"; };
		CCB8420E1D16848A00AB6CA8 /* UIImageView+WebCache.m */ = {isa = PBXFileReference; fileEncoding = 4; lastKnownFileType = sourcecode.c.objc; path = "UIImageView+WebCache.m"; sourceTree = "<group>"; };
		CCB8420F1D16848A00AB6CA8 /* UIView+WebCacheOperation.h */ = {isa = PBXFileReference; fileEncoding = 4; lastKnownFileType = sourcecode.c.h; path = "UIView+WebCacheOperation.h"; sourceTree = "<group>"; };
		CCB842101D16848A00AB6CA8 /* UIView+WebCacheOperation.m */ = {isa = PBXFileReference; fileEncoding = 4; lastKnownFileType = sourcecode.c.objc; path = "UIView+WebCacheOperation.m"; sourceTree = "<group>"; };
		CCB842111D16848A00AB6CA8 /* MeTableViewController.h */ = {isa = PBXFileReference; fileEncoding = 4; lastKnownFileType = sourcecode.c.h; path = MeTableViewController.h; sourceTree = "<group>"; };
		CCB842121D16848A00AB6CA8 /* MeTableViewController.m */ = {isa = PBXFileReference; fileEncoding = 4; lastKnownFileType = sourcecode.c.objc; path = MeTableViewController.m; sourceTree = "<group>"; };
		CCB842141D16848A00AB6CA8 /* AppDelegate.h */ = {isa = PBXFileReference; fileEncoding = 4; lastKnownFileType = sourcecode.c.h; path = AppDelegate.h; sourceTree = "<group>"; };
		CCB842151D16848A00AB6CA8 /* AppDelegate.m */ = {isa = PBXFileReference; fileEncoding = 4; lastKnownFileType = sourcecode.c.objc; path = AppDelegate.m; sourceTree = "<group>"; };
		CCB842161D16848A00AB6CA8 /* Audio-VisualNavigationController.h */ = {isa = PBXFileReference; fileEncoding = 4; lastKnownFileType = sourcecode.c.h; path = "Audio-VisualNavigationController.h"; sourceTree = "<group>"; };
		CCB842171D16848A00AB6CA8 /* Audio-VisualNavigationController.m */ = {isa = PBXFileReference; fileEncoding = 4; lastKnownFileType = sourcecode.c.objc; path = "Audio-VisualNavigationController.m"; sourceTree = "<group>"; };
		CCB842181D16848A00AB6CA8 /* Common.h */ = {isa = PBXFileReference; fileEncoding = 4; lastKnownFileType = sourcecode.c.h; path = Common.h; sourceTree = "<group>"; };
		CCB8421A1D16848A00AB6CA8 /* guide_00.png */ = {isa = PBXFileReference; lastKnownFileType = image.png; path = guide_00.png; sourceTree = "<group>"; };
		CCB8421B1D16848A00AB6CA8 /* guide_01.png */ = {isa = PBXFileReference; lastKnownFileType = image.png; path = guide_01.png; sourceTree = "<group>"; };
		CCB8421C1D16848A00AB6CA8 /* guide_02.png */ = {isa = PBXFileReference; lastKnownFileType = image.png; path = guide_02.png; sourceTree = "<group>"; };
		CCB8421D1D16848A00AB6CA8 /* guide_03.png */ = {isa = PBXFileReference; lastKnownFileType = image.png; path = guide_03.png; sourceTree = "<group>"; };
		CCB8421E1D16848A00AB6CA8 /* guide_04.png */ = {isa = PBXFileReference; lastKnownFileType = image.png; path = guide_04.png; sourceTree = "<group>"; };
		CCB842201D16848A00AB6CA8 /* btn_down.png */ = {isa = PBXFileReference; lastKnownFileType = image.png; path = btn_down.png; sourceTree = "<group>"; };
		CCB842211D16848A00AB6CA8 /* collection.png */ = {isa = PBXFileReference; lastKnownFileType = image.png; path = collection.png; sourceTree = "<group>"; };
		CCB842221D16848A00AB6CA8 /* comments.png */ = {isa = PBXFileReference; lastKnownFileType = image.png; path = comments.png; sourceTree = "<group>"; };
		CCB842231D16848A00AB6CA8 /* downlode.png */ = {isa = PBXFileReference; lastKnownFileType = image.png; path = downlode.png; sourceTree = "<group>"; };
		CCB842241D16848A00AB6CA8 /* feedback.png */ = {isa = PBXFileReference; lastKnownFileType = image.png; path = feedback.png; sourceTree = "<group>"; };
		CCB842251D16848A00AB6CA8 /* hirstory.png */ = {isa = PBXFileReference; lastKnownFileType = image.png; path = hirstory.png; sourceTree = "<group>"; };
		CCB842261D16848A00AB6CA8 /* login.png */ = {isa = PBXFileReference; lastKnownFileType = image.png; path = login.png; sourceTree = "<group>"; };
		CCB842271D16848A00AB6CA8 /* mall.png */ = {isa = PBXFileReference; lastKnownFileType = image.png; path = mall.png; sourceTree = "<group>"; };
		CCB842281D16848A00AB6CA8 /* message.png */ = {isa = PBXFileReference; lastKnownFileType = image.png; path = message.png; sourceTree = "<group>"; };
		CCB842291D16848A00AB6CA8 /* news_ earth.png */ = {isa = PBXFileReference; lastKnownFileType = image.png; path = "news_ earth.png"; sourceTree = "<group>"; };
		CCB8422A1D16848A00AB6CA8 /* reading.png */ = {isa = PBXFileReference; lastKnownFileType = image.png; path = reading.png; sourceTree = "<group>"; };
		CCB8422B1D16848A00AB6CA8 /* setting.png */ = {isa = PBXFileReference; lastKnownFileType = image.png; path = setting.png; sourceTree = "<group>"; };
		CCB8422C1D16848A00AB6CA8 /* newsTitle.plist */ = {isa = PBXFileReference; fileEncoding = 4; lastKnownFileType = text.plist.xml; name = newsTitle.plist; path = ../Misces/newsTitle.plist; sourceTree = "<group>"; };
		CCB8422D1D16848A00AB6CA8 /* NSDate+SSDate.h */ = {isa = PBXFileReference; fileEncoding = 4; lastKnownFileType = sourcecode.c.h; path = "NSDate+SSDate.h"; sourceTree = "<group>"; };
		CCB8422E1D16848A00AB6CA8 /* NSDate+SSDate.m */ = {isa = PBXFileReference; fileEncoding = 4; lastKnownFileType = sourcecode.c.objc; path = "NSDate+SSDate.m"; sourceTree = "<group>"; };
		CCB842301D16848A00AB6CA8 /* tabBar_AV.png */ = {isa = PBXFileReference; lastKnownFileType = image.png; path = tabBar_AV.png; sourceTree = "<group>"; };
		CCB842311D16848A00AB6CA8 /* tabBar_Hot.png */ = {isa = PBXFileReference; lastKnownFileType = image.png; path = tabBar_Hot.png; sourceTree = "<group>"; };
		CCB842321D16848A00AB6CA8 /* tabBar_Me.png */ = {isa = PBXFileReference; lastKnownFileType = image.png; path = tabBar_Me.png; sourceTree = "<group>"; };
		CCB842331D16848A00AB6CA8 /* tabBar_News.png */ = {isa = PBXFileReference; lastKnownFileType = image.png; path = tabBar_News.png; sourceTree = "<group>"; };
		CCB842351D16848A00AB6CA8 /* ItemModel.h */ = {isa = PBXFileReference; fileEncoding = 4; lastKnownFileType = sourcecode.c.h; path = ItemModel.h; sourceTree = "<group>"; };
		CCB842361D16848A00AB6CA8 /* ItemModel.m */ = {isa = PBXFileReference; fileEncoding = 4; lastKnownFileType = sourcecode.c.objc; path = ItemModel.m; sourceTree = "<group>"; };
		CCB842371D16848A00AB6CA8 /* TitlesModel.h */ = {isa = PBXFileReference; fileEncoding = 4; lastKnownFileType = sourcecode.c.h; path = TitlesModel.h; sourceTree = "<group>"; };
		CCB842381D16848A00AB6CA8 /* TitlesModel.m */ = {isa = PBXFileReference; fileEncoding = 4; lastKnownFileType = sourcecode.c.objc; path = TitlesModel.m; sourceTree = "<group>"; };
		CCB8423A1D16848A00AB6CA8 /* Assets.xcassets */ = {isa = PBXFileReference; lastKnownFileType = folder.assetcatalog; path = Assets.xcassets; sourceTree = "<group>"; };
		CCB8423C1D16848A00AB6CA8 /* Base */ = {isa = PBXFileReference; lastKnownFileType = file.storyboard; name = Base; path = Base.lproj/LaunchScreen.storyboard; sourceTree = "<group>"; };
		CCB8423E1D16848A00AB6CA8 /* Base */ = {isa = PBXFileReference; lastKnownFileType = file.storyboard; name = Base; path = Base.lproj/Main.storyboard; sourceTree = "<group>"; };
		CCB842421D16848A00AB6CA8 /* MyNewsCollectionView.h */ = {isa = PBXFileReference; fileEncoding = 4; lastKnownFileType = sourcecode.c.h; name = MyNewsCollectionView.h; path = ../MyNewsCollectionView.h; sourceTree = "<group>"; };
		CCB842431D16848A00AB6CA8 /* MyNewsCollectionView.m */ = {isa = PBXFileReference; fileEncoding = 4; lastKnownFileType = sourcecode.c.objc; name = MyNewsCollectionView.m; path = ../MyNewsCollectionView.m; sourceTree = "<group>"; };
		CCB842461D16848A00AB6CA8 /* MyNewsCollectionViewCell.h */ = {isa = PBXFileReference; fileEncoding = 4; lastKnownFileType = sourcecode.c.h; path = MyNewsCollectionViewCell.h; sourceTree = "<group>"; };
		CCB842471D16848A00AB6CA8 /* MyNewsCollectionViewCell.m */ = {isa = PBXFileReference; fileEncoding = 4; lastKnownFileType = sourcecode.c.objc; path = MyNewsCollectionViewCell.m; sourceTree = "<group>"; };
		CCB842481D16848A00AB6CA8 /* MyNewsCollectionViewCell.xib */ = {isa = PBXFileReference; fileEncoding = 4; lastKnownFileType = file.xib; path = MyNewsCollectionViewCell.xib; sourceTree = "<group>"; };
		CCB842491D16848A00AB6CA8 /* NormalTableViewCell.h */ = {isa = PBXFileReference; fileEncoding = 4; lastKnownFileType = sourcecode.c.h; path = NormalTableViewCell.h; sourceTree = "<group>"; };
		CCB8424A1D16848A00AB6CA8 /* NormalTableViewCell.m */ = {isa = PBXFileReference; fileEncoding = 4; lastKnownFileType = sourcecode.c.objc; path = NormalTableViewCell.m; sourceTree = "<group>"; };
		CCB8424B1D16848A00AB6CA8 /* NormalTableViewCell.xib */ = {isa = PBXFileReference; fileEncoding = 4; lastKnownFileType = file.xib; path = NormalTableViewCell.xib; sourceTree = "<group>"; };
		CCB8424C1D16848A00AB6CA8 /* SlidesDetailsVC.xib */ = {isa = PBXFileReference; fileEncoding = 4; lastKnownFileType = file.xib; path = SlidesDetailsVC.xib; sourceTree = "<group>"; };
		CCB8424D1D16848A00AB6CA8 /* SlidesTableViewCell.h */ = {isa = PBXFileReference; fileEncoding = 4; lastKnownFileType = sourcecode.c.h; path = SlidesTableViewCell.h; sourceTree = "<group>"; };
		CCB8424E1D16848A00AB6CA8 /* SlidesTableViewCell.m */ = {isa = PBXFileReference; fileEncoding = 4; lastKnownFileType = sourcecode.c.objc; path = SlidesTableViewCell.m; sourceTree = "<group>"; };
		CCB8424F1D16848A00AB6CA8 /* SlidesTableViewCell.xib */ = {isa = PBXFileReference; fileEncoding = 4; lastKnownFileType = file.xib; path = SlidesTableViewCell.xib; sourceTree = "<group>"; };
		CCB842AE1D16892800AB6CA8 /* Info.plist */ = {isa = PBXFileReference; fileEncoding = 4; lastKnownFileType = text.plist.xml; path = Info.plist; sourceTree = "<group>"; };
		CCB842AF1D16892800AB6CA8 /* main.m */ = {isa = PBXFileReference; fileEncoding = 4; lastKnownFileType = sourcecode.c.objc; path = main.m; sourceTree = "<group>"; };
		CCB842B21D168E5600AB6CA8 /* HotTableVC.h */ = {isa = PBXFileReference; fileEncoding = 4; lastKnownFileType = sourcecode.c.h; path = HotTableVC.h; sourceTree = "<group>"; };
		CCB842B31D168E5600AB6CA8 /* HotTableVC.m */ = {isa = PBXFileReference; fileEncoding = 4; lastKnownFileType = sourcecode.c.objc; path = HotTableVC.m; sourceTree = "<group>"; };
		CCB842B51D16B66F00AB6CA8 /* HotNormolCell.h */ = {isa = PBXFileReference; fileEncoding = 4; lastKnownFileType = sourcecode.c.h; path = HotNormolCell.h; sourceTree = "<group>"; };
		CCB842B61D16B66F00AB6CA8 /* HotNormolCell.m */ = {isa = PBXFileReference; fileEncoding = 4; lastKnownFileType = sourcecode.c.objc; path = HotNormolCell.m; sourceTree = "<group>"; };
		CCB842B71D16B66F00AB6CA8 /* HotNormolCell.xib */ = {isa = PBXFileReference; fileEncoding = 4; lastKnownFileType = file.xib; path = HotNormolCell.xib; sourceTree = "<group>"; };
/* End PBXFileReference section */

/* Begin PBXFrameworksBuildPhase section */
		CCA3DDA81CE60C1A00F36DE0 /* Frameworks */ = {
			isa = PBXFrameworksBuildPhase;
			buildActionMask = 2147483647;
			files = (
			);
			runOnlyForDeploymentPostprocessing = 0;
		};
		CCA3DDC11CE60C1A00F36DE0 /* Frameworks */ = {
			isa = PBXFrameworksBuildPhase;
			buildActionMask = 2147483647;
			files = (
			);
			runOnlyForDeploymentPostprocessing = 0;
		};
		CCA3DDCC1CE60C1A00F36DE0 /* Frameworks */ = {
			isa = PBXFrameworksBuildPhase;
			buildActionMask = 2147483647;
			files = (
			);
			runOnlyForDeploymentPostprocessing = 0;
		};
/* End PBXFrameworksBuildPhase section */

/* Begin PBXGroup section */
		CCA3DDA21CE60C1A00F36DE0 = {
			isa = PBXGroup;
			children = (
				CCB841951D16848A00AB6CA8 /* news_APP */,
				CCA3DDC71CE60C1A00F36DE0 /* news_APPTests */,
				CCA3DDD21CE60C1A00F36DE0 /* news_APPUITests */,
				CCA3DDAC1CE60C1A00F36DE0 /* Products */,
			);
			sourceTree = "<group>";
		};
		CCA3DDAC1CE60C1A00F36DE0 /* Products */ = {
			isa = PBXGroup;
			children = (
				CCA3DDAB1CE60C1A00F36DE0 /* news_APP.app */,
				CCA3DDC41CE60C1A00F36DE0 /* news_APPTests.xctest */,
				CCA3DDCF1CE60C1A00F36DE0 /* news_APPUITests.xctest */,
			);
			name = Products;
			sourceTree = "<group>";
		};
		CCA3DDC71CE60C1A00F36DE0 /* news_APPTests */ = {
			isa = PBXGroup;
			children = (
				CCA3DDC81CE60C1A00F36DE0 /* news_APPTests.m */,
				CCA3DDCA1CE60C1A00F36DE0 /* Info.plist */,
			);
			path = news_APPTests;
			sourceTree = "<group>";
		};
		CCA3DDD21CE60C1A00F36DE0 /* news_APPUITests */ = {
			isa = PBXGroup;
			children = (
				CCA3DDD31CE60C1A00F36DE0 /* news_APPUITests.m */,
				CCA3DDD51CE60C1A00F36DE0 /* Info.plist */,
			);
			path = news_APPUITests;
			sourceTree = "<group>";
		};
		CCB841951D16848A00AB6CA8 /* news_APP */ = {
			isa = PBXGroup;
			children = (
				CCB841AD1D16848A00AB6CA8 /* ku */,
				CCB842391D16848A00AB6CA8 /* Other */,
				CCB842131D16848A00AB6CA8 /* Misces */,
				CCB842341D16848A00AB6CA8 /* Models */,
				CCB842411D16848A00AB6CA8 /* Views */,
				CCB841961D16848A00AB6CA8 /* Controllers */,
				CCB842111D16848A00AB6CA8 /* MeTableViewController.h */,
				CCB842121D16848A00AB6CA8 /* MeTableViewController.m */,
				CCB842AE1D16892800AB6CA8 /* Info.plist */,
				CCB842AF1D16892800AB6CA8 /* main.m */,
			);
			path = news_APP;
			sourceTree = "<group>";
		};
		CCB841961D16848A00AB6CA8 /* Controllers */ = {
			isa = PBXGroup;
			children = (
				CCB8419C1D16848A00AB6CA8 /* NewsPageViewController */,
				CCB841971D16848A00AB6CA8 /* CreateVC.h */,
				CCB841981D16848A00AB6CA8 /* CreateVC.m */,
				CCB841991D16848A00AB6CA8 /* GuidePage.h */,
				CCB8419A1D16848A00AB6CA8 /* GuidePage.m */,
				CCB841AA1D16848A00AB6CA8 /* TabBarHeader.h */,
				CCB8419B1D16848A00AB6CA8 /* HotTableViewController */,
			);
			path = Controllers;
			sourceTree = "<group>";
		};
		CCB8419B1D16848A00AB6CA8 /* HotTableViewController */ = {
			isa = PBXGroup;
			children = (
				CCB842B21D168E5600AB6CA8 /* HotTableVC.h */,
				CCB842B31D168E5600AB6CA8 /* HotTableVC.m */,
				CCB842B51D16B66F00AB6CA8 /* HotNormolCell.h */,
				CCB842B61D16B66F00AB6CA8 /* HotNormolCell.m */,
				CCB842B71D16B66F00AB6CA8 /* HotNormolCell.xib */,
			);
			path = HotTableViewController;
			sourceTree = "<group>";
		};
		CCB8419C1D16848A00AB6CA8 /* NewsPageViewController */ = {
			isa = PBXGroup;
			children = (
				CCB8419F1D16848A00AB6CA8 /* NewsPageViewController.h */,
				CCB841A01D16848A00AB6CA8 /* NewsPageViewController.m */,
				CCB841A11D16848A00AB6CA8 /* NewsTableViewController.h */,
				CCB841A21D16848A00AB6CA8 /* NewsTableViewController.m */,
				CCB8419D1D16848A00AB6CA8 /* DetailsVC.h */,
				CCB8419E1D16848A00AB6CA8 /* DetailsVC.m */,
				CCB841A51D16848A00AB6CA8 /* SlidesDetailsVC.h */,
				CCB841A61D16848A00AB6CA8 /* SlidesDetailsVC.m */,
				CCB841A71D16848A00AB6CA8 /* ThisPageVCHeader.h */,
				CCB841A81D16848A00AB6CA8 /* TitleCollectionVC.h */,
				CCB841A91D16848A00AB6CA8 /* TitleCollectionVC.m */,
				CCB841A31D16848A00AB6CA8 /* SingleTapGR.h */,
				CCB841A41D16848A00AB6CA8 /* SingleTapGR.m */,
			);
			path = NewsPageViewController;
			sourceTree = "<group>";
		};
		CCB841AD1D16848A00AB6CA8 /* ku */ = {
			isa = PBXGroup;
			children = (
				CCB841AE1D16848A00AB6CA8 /* AFNetworking */,
				CCB841D41D16848A00AB6CA8 /* Masonry */,
				CCB841EF1D16848A00AB6CA8 /* SDWebImage */,
			);
			path = ku;
			sourceTree = "<group>";
		};
		CCB841AE1D16848A00AB6CA8 /* AFNetworking */ = {
			isa = PBXGroup;
			children = (
				CCB841AF1D16848A00AB6CA8 /* AFNetworking */,
				CCB841BD1D16848A00AB6CA8 /* LICENSE */,
				CCB841BE1D16848A00AB6CA8 /* README.md */,
				CCB841BF1D16848A00AB6CA8 /* UIKit+AFNetworking */,
			);
			path = AFNetworking;
			sourceTree = "<group>";
		};
		CCB841AF1D16848A00AB6CA8 /* AFNetworking */ = {
			isa = PBXGroup;
			children = (
				CCB841B01D16848A00AB6CA8 /* AFHTTPSessionManager.h */,
				CCB841B11D16848A00AB6CA8 /* AFHTTPSessionManager.m */,
				CCB841B21D16848A00AB6CA8 /* AFNetworking.h */,
				CCB841B31D16848A00AB6CA8 /* AFNetworkReachabilityManager.h */,
				CCB841B41D16848A00AB6CA8 /* AFNetworkReachabilityManager.m */,
				CCB841B51D16848A00AB6CA8 /* AFSecurityPolicy.h */,
				CCB841B61D16848A00AB6CA8 /* AFSecurityPolicy.m */,
				CCB841B71D16848A00AB6CA8 /* AFURLRequestSerialization.h */,
				CCB841B81D16848A00AB6CA8 /* AFURLRequestSerialization.m */,
				CCB841B91D16848A00AB6CA8 /* AFURLResponseSerialization.h */,
				CCB841BA1D16848A00AB6CA8 /* AFURLResponseSerialization.m */,
				CCB841BB1D16848A00AB6CA8 /* AFURLSessionManager.h */,
				CCB841BC1D16848A00AB6CA8 /* AFURLSessionManager.m */,
			);
			path = AFNetworking;
			sourceTree = "<group>";
		};
		CCB841BF1D16848A00AB6CA8 /* UIKit+AFNetworking */ = {
			isa = PBXGroup;
			children = (
				CCB841C01D16848A00AB6CA8 /* AFAutoPurgingImageCache.h */,
				CCB841C11D16848A00AB6CA8 /* AFAutoPurgingImageCache.m */,
				CCB841C21D16848A00AB6CA8 /* AFImageDownloader.h */,
				CCB841C31D16848A00AB6CA8 /* AFImageDownloader.m */,
				CCB841C41D16848A00AB6CA8 /* AFNetworkActivityIndicatorManager.h */,
				CCB841C51D16848A00AB6CA8 /* AFNetworkActivityIndicatorManager.m */,
				CCB841C61D16848A00AB6CA8 /* UIActivityIndicatorView+AFNetworking.h */,
				CCB841C71D16848A00AB6CA8 /* UIActivityIndicatorView+AFNetworking.m */,
				CCB841C81D16848A00AB6CA8 /* UIButton+AFNetworking.h */,
				CCB841C91D16848A00AB6CA8 /* UIButton+AFNetworking.m */,
				CCB841CA1D16848A00AB6CA8 /* UIImage+AFNetworking.h */,
				CCB841CB1D16848A00AB6CA8 /* UIImageView+AFNetworking.h */,
				CCB841CC1D16848A00AB6CA8 /* UIImageView+AFNetworking.m */,
				CCB841CD1D16848A00AB6CA8 /* UIKit+AFNetworking.h */,
				CCB841CE1D16848A00AB6CA8 /* UIProgressView+AFNetworking.h */,
				CCB841CF1D16848A00AB6CA8 /* UIProgressView+AFNetworking.m */,
				CCB841D01D16848A00AB6CA8 /* UIRefreshControl+AFNetworking.h */,
				CCB841D11D16848A00AB6CA8 /* UIRefreshControl+AFNetworking.m */,
				CCB841D21D16848A00AB6CA8 /* UIWebView+AFNetworking.h */,
				CCB841D31D16848A00AB6CA8 /* UIWebView+AFNetworking.m */,
			);
			path = "UIKit+AFNetworking";
			sourceTree = "<group>";
		};
		CCB841D41D16848A00AB6CA8 /* Masonry */ = {
			isa = PBXGroup;
			children = (
				CCB841D51D16848A00AB6CA8 /* Info.plist */,
				CCB841D61D16848A00AB6CA8 /* MASCompositeConstraint.h */,
				CCB841D71D16848A00AB6CA8 /* MASCompositeConstraint.m */,
				CCB841D81D16848A00AB6CA8 /* MASConstraint+Private.h */,
				CCB841D91D16848A00AB6CA8 /* MASConstraint.h */,
				CCB841DA1D16848A00AB6CA8 /* MASConstraint.m */,
				CCB841DB1D16848A00AB6CA8 /* MASConstraintMaker.h */,
				CCB841DC1D16848A00AB6CA8 /* MASConstraintMaker.m */,
				CCB841DD1D16848A00AB6CA8 /* MASLayoutConstraint.h */,
				CCB841DE1D16848A00AB6CA8 /* MASLayoutConstraint.m */,
				CCB841DF1D16848A00AB6CA8 /* Masonry.h */,
				CCB841E01D16848A00AB6CA8 /* MASUtilities.h */,
				CCB841E11D16848A00AB6CA8 /* MASViewAttribute.h */,
				CCB841E21D16848A00AB6CA8 /* MASViewAttribute.m */,
				CCB841E31D16848A00AB6CA8 /* MASViewConstraint.h */,
				CCB841E41D16848A00AB6CA8 /* MASViewConstraint.m */,
				CCB841E51D16848A00AB6CA8 /* NSArray+MASAdditions.h */,
				CCB841E61D16848A00AB6CA8 /* NSArray+MASAdditions.m */,
				CCB841E71D16848A00AB6CA8 /* NSArray+MASShorthandAdditions.h */,
				CCB841E81D16848A00AB6CA8 /* NSLayoutConstraint+MASDebugAdditions.h */,
				CCB841E91D16848A00AB6CA8 /* NSLayoutConstraint+MASDebugAdditions.m */,
				CCB841EA1D16848A00AB6CA8 /* View+MASAdditions.h */,
				CCB841EB1D16848A00AB6CA8 /* View+MASAdditions.m */,
				CCB841EC1D16848A00AB6CA8 /* View+MASShorthandAdditions.h */,
				CCB841ED1D16848A00AB6CA8 /* ViewController+MASAdditions.h */,
				CCB841EE1D16848A00AB6CA8 /* ViewController+MASAdditions.m */,
			);
			path = Masonry;
			sourceTree = "<group>";
		};
		CCB841EF1D16848A00AB6CA8 /* SDWebImage */ = {
			isa = PBXGroup;
			children = (
				CCB841F01D16848A00AB6CA8 /* MKAnnotationView+WebCache.h */,
				CCB841F11D16848A00AB6CA8 /* MKAnnotationView+WebCache.m */,
				CCB841F21D16848A00AB6CA8 /* NSData+ImageContentType.h */,
				CCB841F31D16848A00AB6CA8 /* NSData+ImageContentType.m */,
				CCB841F41D16848A00AB6CA8 /* SDImageCache.h */,
				CCB841F51D16848A00AB6CA8 /* SDImageCache.m */,
				CCB841F61D16848A00AB6CA8 /* SDWebImageCompat.h */,
				CCB841F71D16848A00AB6CA8 /* SDWebImageCompat.m */,
				CCB841F81D16848A00AB6CA8 /* SDWebImageDecoder.h */,
				CCB841F91D16848A00AB6CA8 /* SDWebImageDecoder.m */,
				CCB841FA1D16848A00AB6CA8 /* SDWebImageDownloader.h */,
				CCB841FB1D16848A00AB6CA8 /* SDWebImageDownloader.m */,
				CCB841FC1D16848A00AB6CA8 /* SDWebImageDownloaderOperation.h */,
				CCB841FD1D16848A00AB6CA8 /* SDWebImageDownloaderOperation.m */,
				CCB841FE1D16848A00AB6CA8 /* SDWebImageManager.h */,
				CCB841FF1D16848A00AB6CA8 /* SDWebImageManager.m */,
				CCB842001D16848A00AB6CA8 /* SDWebImageOperation.h */,
				CCB842011D16848A00AB6CA8 /* SDWebImagePrefetcher.h */,
				CCB842021D16848A00AB6CA8 /* SDWebImagePrefetcher.m */,
				CCB842031D16848A00AB6CA8 /* UIButton+WebCache.h */,
				CCB842041D16848A00AB6CA8 /* UIButton+WebCache.m */,
				CCB842051D16848A00AB6CA8 /* UIImage+GIF.h */,
				CCB842061D16848A00AB6CA8 /* UIImage+GIF.m */,
				CCB842071D16848A00AB6CA8 /* UIImage+MultiFormat.h */,
				CCB842081D16848A00AB6CA8 /* UIImage+MultiFormat.m */,
				CCB842091D16848A00AB6CA8 /* UIImage+WebP.h */,
				CCB8420A1D16848A00AB6CA8 /* UIImage+WebP.m */,
				CCB8420B1D16848A00AB6CA8 /* UIImageView+HighlightedWebCache.h */,
				CCB8420C1D16848A00AB6CA8 /* UIImageView+HighlightedWebCache.m */,
				CCB8420D1D16848A00AB6CA8 /* UIImageView+WebCache.h */,
				CCB8420E1D16848A00AB6CA8 /* UIImageView+WebCache.m */,
				CCB8420F1D16848A00AB6CA8 /* UIView+WebCacheOperation.h */,
				CCB842101D16848A00AB6CA8 /* UIView+WebCacheOperation.m */,
			);
			path = SDWebImage;
			sourceTree = "<group>";
		};
		CCB842131D16848A00AB6CA8 /* Misces */ = {
			isa = PBXGroup;
			children = (
				CCB842141D16848A00AB6CA8 /* AppDelegate.h */,
				CCB842151D16848A00AB6CA8 /* AppDelegate.m */,
				CCB842161D16848A00AB6CA8 /* Audio-VisualNavigationController.h */,
				CCB842171D16848A00AB6CA8 /* Audio-VisualNavigationController.m */,
				CCB842181D16848A00AB6CA8 /* Common.h */,
				CCB842191D16848A00AB6CA8 /* GuideImages */,
				CCB8421F1D16848A00AB6CA8 /* InterfaceBtn */,
				CCB8422D1D16848A00AB6CA8 /* NSDate+SSDate.h */,
				CCB8422E1D16848A00AB6CA8 /* NSDate+SSDate.m */,
				CCB8422F1D16848A00AB6CA8 /* tabbar_icon */,
			);
			path = Misces;
			sourceTree = "<group>";
		};
		CCB842191D16848A00AB6CA8 /* GuideImages */ = {
			isa = PBXGroup;
			children = (
				CCB8421A1D16848A00AB6CA8 /* guide_00.png */,
				CCB8421B1D16848A00AB6CA8 /* guide_01.png */,
				CCB8421C1D16848A00AB6CA8 /* guide_02.png */,
				CCB8421D1D16848A00AB6CA8 /* guide_03.png */,
				CCB8421E1D16848A00AB6CA8 /* guide_04.png */,
			);
			path = GuideImages;
			sourceTree = "<group>";
		};
		CCB8421F1D16848A00AB6CA8 /* InterfaceBtn */ = {
			isa = PBXGroup;
			children = (
				CCB842201D16848A00AB6CA8 /* btn_down.png */,
				CCB842211D16848A00AB6CA8 /* collection.png */,
				CCB842221D16848A00AB6CA8 /* comments.png */,
				CCB842231D16848A00AB6CA8 /* downlode.png */,
				CCB842241D16848A00AB6CA8 /* feedback.png */,
				CCB842251D16848A00AB6CA8 /* hirstory.png */,
				CCB842261D16848A00AB6CA8 /* login.png */,
				CCB842271D16848A00AB6CA8 /* mall.png */,
				CCB842281D16848A00AB6CA8 /* message.png */,
				CCB842291D16848A00AB6CA8 /* news_ earth.png */,
				CCB8422A1D16848A00AB6CA8 /* reading.png */,
				CCB8422B1D16848A00AB6CA8 /* setting.png */,
			);
			path = InterfaceBtn;
			sourceTree = "<group>";
		};
		CCB8422F1D16848A00AB6CA8 /* tabbar_icon */ = {
			isa = PBXGroup;
			children = (
				CCB842301D16848A00AB6CA8 /* tabBar_AV.png */,
				CCB842311D16848A00AB6CA8 /* tabBar_Hot.png */,
				CCB842321D16848A00AB6CA8 /* tabBar_Me.png */,
				CCB842331D16848A00AB6CA8 /* tabBar_News.png */,
			);
			path = tabbar_icon;
			sourceTree = "<group>";
		};
		CCB842341D16848A00AB6CA8 /* Models */ = {
			isa = PBXGroup;
			children = (
				CCB842351D16848A00AB6CA8 /* ItemModel.h */,
				CCB842361D16848A00AB6CA8 /* ItemModel.m */,
				CCB842371D16848A00AB6CA8 /* TitlesModel.h */,
				CCB842381D16848A00AB6CA8 /* TitlesModel.m */,
			);
			path = Models;
			sourceTree = "<group>";
		};
		CCB842391D16848A00AB6CA8 /* Other */ = {
			isa = PBXGroup;
			children = (
				CCB8423A1D16848A00AB6CA8 /* Assets.xcassets */,
				CCB8423B1D16848A00AB6CA8 /* LaunchScreen.storyboard */,
				CCB8422C1D16848A00AB6CA8 /* newsTitle.plist */,
			);
			path = Other;
			sourceTree = "<group>";
		};
		CCB842411D16848A00AB6CA8 /* Views */ = {
			isa = PBXGroup;
			children = (
				CCB8423D1D16848A00AB6CA8 /* Main.storyboard */,
				CCB842441D16848A00AB6CA8 /* TableView */,
			);
			path = Views;
			sourceTree = "<group>";
		};
		CCB842441D16848A00AB6CA8 /* TableView */ = {
			isa = PBXGroup;
			children = (
				CCB842421D16848A00AB6CA8 /* MyNewsCollectionView.h */,
				CCB842431D16848A00AB6CA8 /* MyNewsCollectionView.m */,
				CCB842451D16848A00AB6CA8 /* TableVIewCell */,
			);
			path = TableView;
			sourceTree = "<group>";
		};
		CCB842451D16848A00AB6CA8 /* TableVIewCell */ = {
			isa = PBXGroup;
			children = (
				CCB842461D16848A00AB6CA8 /* MyNewsCollectionViewCell.h */,
				CCB842471D16848A00AB6CA8 /* MyNewsCollectionViewCell.m */,
				CCB842481D16848A00AB6CA8 /* MyNewsCollectionViewCell.xib */,
				CCB842491D16848A00AB6CA8 /* NormalTableViewCell.h */,
				CCB8424A1D16848A00AB6CA8 /* NormalTableViewCell.m */,
				CCB8424B1D16848A00AB6CA8 /* NormalTableViewCell.xib */,
				CCB8424C1D16848A00AB6CA8 /* SlidesDetailsVC.xib */,
				CCB8424D1D16848A00AB6CA8 /* SlidesTableViewCell.h */,
				CCB8424E1D16848A00AB6CA8 /* SlidesTableViewCell.m */,
				CCB8424F1D16848A00AB6CA8 /* SlidesTableViewCell.xib */,
			);
			path = TableVIewCell;
			sourceTree = "<group>";
		};
/* End PBXGroup section */

/* Begin PBXNativeTarget section */
		CCA3DDAA1CE60C1A00F36DE0 /* news_APP */ = {
			isa = PBXNativeTarget;
			buildConfigurationList = CCA3DDD81CE60C1A00F36DE0 /* Build configuration list for PBXNativeTarget "news_APP" */;
			buildPhases = (
				CCA3DDA71CE60C1A00F36DE0 /* Sources */,
				CCA3DDA81CE60C1A00F36DE0 /* Frameworks */,
				CCA3DDA91CE60C1A00F36DE0 /* Resources */,
			);
			buildRules = (
			);
			dependencies = (
			);
			name = news_APP;
			productName = news_APP;
			productReference = CCA3DDAB1CE60C1A00F36DE0 /* news_APP.app */;
			productType = "com.apple.product-type.application";
		};
		CCA3DDC31CE60C1A00F36DE0 /* news_APPTests */ = {
			isa = PBXNativeTarget;
			buildConfigurationList = CCA3DDDB1CE60C1A00F36DE0 /* Build configuration list for PBXNativeTarget "news_APPTests" */;
			buildPhases = (
				CCA3DDC01CE60C1A00F36DE0 /* Sources */,
				CCA3DDC11CE60C1A00F36DE0 /* Frameworks */,
				CCA3DDC21CE60C1A00F36DE0 /* Resources */,
			);
			buildRules = (
			);
			dependencies = (
				CCA3DDC61CE60C1A00F36DE0 /* PBXTargetDependency */,
			);
			name = news_APPTests;
			productName = news_APPTests;
			productReference = CCA3DDC41CE60C1A00F36DE0 /* news_APPTests.xctest */;
			productType = "com.apple.product-type.bundle.unit-test";
		};
		CCA3DDCE1CE60C1A00F36DE0 /* news_APPUITests */ = {
			isa = PBXNativeTarget;
			buildConfigurationList = CCA3DDDE1CE60C1A00F36DE0 /* Build configuration list for PBXNativeTarget "news_APPUITests" */;
			buildPhases = (
				CCA3DDCB1CE60C1A00F36DE0 /* Sources */,
				CCA3DDCC1CE60C1A00F36DE0 /* Frameworks */,
				CCA3DDCD1CE60C1A00F36DE0 /* Resources */,
			);
			buildRules = (
			);
			dependencies = (
				CCA3DDD11CE60C1A00F36DE0 /* PBXTargetDependency */,
			);
			name = news_APPUITests;
			productName = news_APPUITests;
			productReference = CCA3DDCF1CE60C1A00F36DE0 /* news_APPUITests.xctest */;
			productType = "com.apple.product-type.bundle.ui-testing";
		};
/* End PBXNativeTarget section */

/* Begin PBXProject section */
		CCA3DDA31CE60C1A00F36DE0 /* Project object */ = {
			isa = PBXProject;
			attributes = {
				LastUpgradeCheck = 0710;
				ORGANIZATIONNAME = qingyun;
				TargetAttributes = {
					CCA3DDAA1CE60C1A00F36DE0 = {
						CreatedOnToolsVersion = 7.1;
						DevelopmentTeam = 3MNL697K64;
					};
					CCA3DDC31CE60C1A00F36DE0 = {
						CreatedOnToolsVersion = 7.1;
						TestTargetID = CCA3DDAA1CE60C1A00F36DE0;
					};
					CCA3DDCE1CE60C1A00F36DE0 = {
						CreatedOnToolsVersion = 7.1;
						TestTargetID = CCA3DDAA1CE60C1A00F36DE0;
					};
				};
			};
			buildConfigurationList = CCA3DDA61CE60C1A00F36DE0 /* Build configuration list for PBXProject "news_APP" */;
			compatibilityVersion = "Xcode 3.2";
			developmentRegion = English;
			hasScannedForEncodings = 0;
			knownRegions = (
				en,
				Base,
			);
			mainGroup = CCA3DDA21CE60C1A00F36DE0;
			productRefGroup = CCA3DDAC1CE60C1A00F36DE0 /* Products */;
			projectDirPath = "";
			projectRoot = "";
			targets = (
				CCA3DDAA1CE60C1A00F36DE0 /* news_APP */,
				CCA3DDC31CE60C1A00F36DE0 /* news_APPTests */,
				CCA3DDCE1CE60C1A00F36DE0 /* news_APPUITests */,
			);
		};
/* End PBXProject section */

/* Begin PBXResourcesBuildPhase section */
		CCA3DDA91CE60C1A00F36DE0 /* Resources */ = {
			isa = PBXResourcesBuildPhase;
			buildActionMask = 2147483647;
			files = (
				CCB8426A1D16848A00AB6CA8 /* Info.plist in Resources */,
				CCB8428F1D16848A00AB6CA8 /* comments.png in Resources */,
				CCB842AA1D16848A00AB6CA8 /* NormalTableViewCell.xib in Resources */,
				CCB8429E1D16848A00AB6CA8 /* tabBar_News.png in Resources */,
				CCB842891D16848A00AB6CA8 /* guide_01.png in Resources */,
				CCB842951D16848A00AB6CA8 /* message.png in Resources */,
				CCB842971D16848A00AB6CA8 /* reading.png in Resources */,
				CCB842A31D16848A00AB6CA8 /* Main.storyboard in Resources */,
				CCB842A81D16848A00AB6CA8 /* MyNewsCollectionViewCell.xib in Resources */,
				CCB842961D16848A00AB6CA8 /* news_ earth.png in Resources */,
				CCB842A21D16848A00AB6CA8 /* LaunchScreen.storyboard in Resources */,
				CCB8428D1D16848A00AB6CA8 /* btn_down.png in Resources */,
				CCB842921D16848A00AB6CA8 /* hirstory.png in Resources */,
				CCB8429D1D16848A00AB6CA8 /* tabBar_Me.png in Resources */,
				CCB842911D16848A00AB6CA8 /* feedback.png in Resources */,
				CCB842AD1D16848A00AB6CA8 /* SlidesTableViewCell.xib in Resources */,
				CCB842B01D16892800AB6CA8 /* Info.plist in Resources */,
				CCB842901D16848A00AB6CA8 /* downlode.png in Resources */,
				CCB8425F1D16848A00AB6CA8 /* LICENSE in Resources */,
				CCB8428C1D16848A00AB6CA8 /* guide_04.png in Resources */,
				CCB842991D16848A00AB6CA8 /* newsTitle.plist in Resources */,
				CCB8429C1D16848A00AB6CA8 /* tabBar_Hot.png in Resources */,
				CCB8428A1D16848A00AB6CA8 /* guide_02.png in Resources */,
				CCB842881D16848A00AB6CA8 /* guide_00.png in Resources */,
				CCB842AB1D16848A00AB6CA8 /* SlidesDetailsVC.xib in Resources */,
				CCB8429B1D16848A00AB6CA8 /* tabBar_AV.png in Resources */,
				CCB842981D16848A00AB6CA8 /* setting.png in Resources */,
				CCB842941D16848A00AB6CA8 /* mall.png in Resources */,
				CCB842B91D16B66F00AB6CA8 /* HotNormolCell.xib in Resources */,
				CCB8428E1D16848A00AB6CA8 /* collection.png in Resources */,
				CCB8428B1D16848A00AB6CA8 /* guide_03.png in Resources */,
				CCB842931D16848A00AB6CA8 /* login.png in Resources */,
				CCB842A11D16848A00AB6CA8 /* Assets.xcassets in Resources */,
			);
			runOnlyForDeploymentPostprocessing = 0;
		};
		CCA3DDC21CE60C1A00F36DE0 /* Resources */ = {
			isa = PBXResourcesBuildPhase;
			buildActionMask = 2147483647;
			files = (
			);
			runOnlyForDeploymentPostprocessing = 0;
		};
		CCA3DDCD1CE60C1A00F36DE0 /* Resources */ = {
			isa = PBXResourcesBuildPhase;
			buildActionMask = 2147483647;
			files = (
			);
			runOnlyForDeploymentPostprocessing = 0;
		};
/* End PBXResourcesBuildPhase section */

/* Begin PBXSourcesBuildPhase section */
		CCA3DDA71CE60C1A00F36DE0 /* Sources */ = {
			isa = PBXSourcesBuildPhase;
			buildActionMask = 2147483647;
			files = (
				CCB8425E1D16848A00AB6CA8 /* AFURLSessionManager.m in Sources */,
				CCB842551D16848A00AB6CA8 /* SingleTapGR.m in Sources */,
				CCB842681D16848A00AB6CA8 /* UIRefreshControl+AFNetworking.m in Sources */,
				CCB842851D16848A00AB6CA8 /* MeTableViewController.m in Sources */,
				CCB842651D16848A00AB6CA8 /* UIButton+AFNetworking.m in Sources */,
				CCB842781D16848A00AB6CA8 /* SDWebImageCompat.m in Sources */,
				CCB842871D16848A00AB6CA8 /* Audio-VisualNavigationController.m in Sources */,
				CCB8426B1D16848A00AB6CA8 /* MASCompositeConstraint.m in Sources */,
				CCB8426F1D16848A00AB6CA8 /* MASViewAttribute.m in Sources */,
				CCB8427E1D16848A00AB6CA8 /* UIButton+WebCache.m in Sources */,
				CCB842671D16848A00AB6CA8 /* UIProgressView+AFNetworking.m in Sources */,
				CCB842611D16848A00AB6CA8 /* AFAutoPurgingImageCache.m in Sources */,
				CCB8427C1D16848A00AB6CA8 /* SDWebImageManager.m in Sources */,
				CCB842531D16848A00AB6CA8 /* NewsPageViewController.m in Sources */,
				CCB842631D16848A00AB6CA8 /* AFNetworkActivityIndicatorManager.m in Sources */,
				CCB842791D16848A00AB6CA8 /* SDWebImageDecoder.m in Sources */,
				CCB842741D16848A00AB6CA8 /* ViewController+MASAdditions.m in Sources */,
				CCB842721D16848A00AB6CA8 /* NSLayoutConstraint+MASDebugAdditions.m in Sources */,
				CCB842641D16848A00AB6CA8 /* UIActivityIndicatorView+AFNetworking.m in Sources */,
				CCB8426E1D16848A00AB6CA8 /* MASLayoutConstraint.m in Sources */,
				CCB842811D16848A00AB6CA8 /* UIImage+WebP.m in Sources */,
				CCB842541D16848A00AB6CA8 /* NewsTableViewController.m in Sources */,
				CCB8427B1D16848A00AB6CA8 /* SDWebImageDownloaderOperation.m in Sources */,
				CCB842661D16848A00AB6CA8 /* UIImageView+AFNetworking.m in Sources */,
				CCB842751D16848A00AB6CA8 /* MKAnnotationView+WebCache.m in Sources */,
				CCB8425B1D16848A00AB6CA8 /* AFSecurityPolicy.m in Sources */,
				CCB842601D16848A00AB6CA8 /* README.md in Sources */,
				CCB842B41D168E5600AB6CA8 /* HotTableVC.m in Sources */,
				CCB842821D16848A00AB6CA8 /* UIImageView+HighlightedWebCache.m in Sources */,
				CCB842521D16848A00AB6CA8 /* DetailsVC.m in Sources */,
				CCB8429F1D16848A00AB6CA8 /* ItemModel.m in Sources */,
				CCB8425C1D16848A00AB6CA8 /* AFURLRequestSerialization.m in Sources */,
				CCB842A01D16848A00AB6CA8 /* TitlesModel.m in Sources */,
				CCB842501D16848A00AB6CA8 /* CreateVC.m in Sources */,
				CCB842621D16848A00AB6CA8 /* AFImageDownloader.m in Sources */,
				CCB842731D16848A00AB6CA8 /* View+MASAdditions.m in Sources */,
				CCB842831D16848A00AB6CA8 /* UIImageView+WebCache.m in Sources */,
				CCB842A61D16848A00AB6CA8 /* MyNewsCollectionView.m in Sources */,
				CCB842571D16848A00AB6CA8 /* TitleCollectionVC.m in Sources */,
				CCB842B81D16B66F00AB6CA8 /* HotNormolCell.m in Sources */,
				CCB842841D16848A00AB6CA8 /* UIView+WebCacheOperation.m in Sources */,
				CCB842AC1D16848A00AB6CA8 /* SlidesTableViewCell.m in Sources */,
				CCB8429A1D16848A00AB6CA8 /* NSDate+SSDate.m in Sources */,
				CCB8426C1D16848A00AB6CA8 /* MASConstraint.m in Sources */,
				CCB8426D1D16848A00AB6CA8 /* MASConstraintMaker.m in Sources */,
				CCB842B11D16892800AB6CA8 /* main.m in Sources */,
				CCB842591D16848A00AB6CA8 /* AFHTTPSessionManager.m in Sources */,
				CCB842511D16848A00AB6CA8 /* GuidePage.m in Sources */,
				CCB842701D16848A00AB6CA8 /* MASViewConstraint.m in Sources */,
				CCB8427A1D16848A00AB6CA8 /* SDWebImageDownloader.m in Sources */,
				CCB8425A1D16848A00AB6CA8 /* AFNetworkReachabilityManager.m in Sources */,
				CCB842861D16848A00AB6CA8 /* AppDelegate.m in Sources */,
				CCB8427F1D16848A00AB6CA8 /* UIImage+GIF.m in Sources */,
				CCB842711D16848A00AB6CA8 /* NSArray+MASAdditions.m in Sources */,
				CCB842771D16848A00AB6CA8 /* SDImageCache.m in Sources */,
				CCB842761D16848A00AB6CA8 /* NSData+ImageContentType.m in Sources */,
				CCB842691D16848A00AB6CA8 /* UIWebView+AFNetworking.m in Sources */,
				CCB8427D1D16848A00AB6CA8 /* SDWebImagePrefetcher.m in Sources */,
				CCB842801D16848A00AB6CA8 /* UIImage+MultiFormat.m in Sources */,
				CCB842A91D16848A00AB6CA8 /* NormalTableViewCell.m in Sources */,
				CCB8425D1D16848A00AB6CA8 /* AFURLResponseSerialization.m in Sources */,
				CCB842561D16848A00AB6CA8 /* SlidesDetailsVC.m in Sources */,
				CCB842A71D16848A00AB6CA8 /* MyNewsCollectionViewCell.m in Sources */,
			);
			runOnlyForDeploymentPostprocessing = 0;
		};
		CCA3DDC01CE60C1A00F36DE0 /* Sources */ = {
			isa = PBXSourcesBuildPhase;
			buildActionMask = 2147483647;
			files = (
				CCA3DDC91CE60C1A00F36DE0 /* news_APPTests.m in Sources */,
			);
			runOnlyForDeploymentPostprocessing = 0;
		};
		CCA3DDCB1CE60C1A00F36DE0 /* Sources */ = {
			isa = PBXSourcesBuildPhase;
			buildActionMask = 2147483647;
			files = (
				CCA3DDD41CE60C1A00F36DE0 /* news_APPUITests.m in Sources */,
			);
			runOnlyForDeploymentPostprocessing = 0;
		};
/* End PBXSourcesBuildPhase section */

/* Begin PBXTargetDependency section */
		CCA3DDC61CE60C1A00F36DE0 /* PBXTargetDependency */ = {
			isa = PBXTargetDependency;
			target = CCA3DDAA1CE60C1A00F36DE0 /* news_APP */;
			targetProxy = CCA3DDC51CE60C1A00F36DE0 /* PBXContainerItemProxy */;
		};
		CCA3DDD11CE60C1A00F36DE0 /* PBXTargetDependency */ = {
			isa = PBXTargetDependency;
			target = CCA3DDAA1CE60C1A00F36DE0 /* news_APP */;
			targetProxy = CCA3DDD01CE60C1A00F36DE0 /* PBXContainerItemProxy */;
		};
/* End PBXTargetDependency section */

/* Begin PBXVariantGroup section */
		CCB8423B1D16848A00AB6CA8 /* LaunchScreen.storyboard */ = {
			isa = PBXVariantGroup;
			children = (
				CCB8423C1D16848A00AB6CA8 /* Base */,
			);
			name = LaunchScreen.storyboard;
			sourceTree = "<group>";
		};
		CCB8423D1D16848A00AB6CA8 /* Main.storyboard */ = {
			isa = PBXVariantGroup;
			children = (
				CCB8423E1D16848A00AB6CA8 /* Base */,
			);
			name = Main.storyboard;
			path = ../Other;
			sourceTree = "<group>";
		};
/* End PBXVariantGroup section */

/* Begin XCBuildConfiguration section */
		CCA3DDD61CE60C1A00F36DE0 /* Debug */ = {
			isa = XCBuildConfiguration;
			buildSettings = {
				ALWAYS_SEARCH_USER_PATHS = NO;
				CLANG_CXX_LANGUAGE_STANDARD = "gnu++0x";
				CLANG_CXX_LIBRARY = "libc++";
				CLANG_ENABLE_MODULES = YES;
				CLANG_ENABLE_OBJC_ARC = YES;
				CLANG_WARN_BOOL_CONVERSION = YES;
				CLANG_WARN_CONSTANT_CONVERSION = YES;
				CLANG_WARN_DIRECT_OBJC_ISA_USAGE = YES_ERROR;
				CLANG_WARN_EMPTY_BODY = YES;
				CLANG_WARN_ENUM_CONVERSION = YES;
				CLANG_WARN_INT_CONVERSION = YES;
				CLANG_WARN_OBJC_ROOT_CLASS = YES_ERROR;
				CLANG_WARN_UNREACHABLE_CODE = YES;
				CLANG_WARN__DUPLICATE_METHOD_MATCH = YES;
				"CODE_SIGN_IDENTITY[sdk=iphoneos*]" = "iPhone Developer";
				COPY_PHASE_STRIP = NO;
				DEBUG_INFORMATION_FORMAT = dwarf;
				ENABLE_STRICT_OBJC_MSGSEND = YES;
				ENABLE_TESTABILITY = YES;
				GCC_C_LANGUAGE_STANDARD = gnu99;
				GCC_DYNAMIC_NO_PIC = NO;
				GCC_NO_COMMON_BLOCKS = YES;
				GCC_OPTIMIZATION_LEVEL = 0;
				GCC_PREPROCESSOR_DEFINITIONS = (
					"DEBUG=1",
					"$(inherited)",
				);
				GCC_WARN_64_TO_32_BIT_CONVERSION = YES;
				GCC_WARN_ABOUT_RETURN_TYPE = YES_ERROR;
				GCC_WARN_UNDECLARED_SELECTOR = YES;
				GCC_WARN_UNINITIALIZED_AUTOS = YES_AGGRESSIVE;
				GCC_WARN_UNUSED_FUNCTION = YES;
				GCC_WARN_UNUSED_VARIABLE = YES;
				IPHONEOS_DEPLOYMENT_TARGET = 9.1;
				MTL_ENABLE_DEBUG_INFO = YES;
				ONLY_ACTIVE_ARCH = YES;
				SDKROOT = iphoneos;
			};
			name = Debug;
		};
		CCA3DDD71CE60C1A00F36DE0 /* Release */ = {
			isa = XCBuildConfiguration;
			buildSettings = {
				ALWAYS_SEARCH_USER_PATHS = NO;
				CLANG_CXX_LANGUAGE_STANDARD = "gnu++0x";
				CLANG_CXX_LIBRARY = "libc++";
				CLANG_ENABLE_MODULES = YES;
				CLANG_ENABLE_OBJC_ARC = YES;
				CLANG_WARN_BOOL_CONVERSION = YES;
				CLANG_WARN_CONSTANT_CONVERSION = YES;
				CLANG_WARN_DIRECT_OBJC_ISA_USAGE = YES_ERROR;
				CLANG_WARN_EMPTY_BODY = YES;
				CLANG_WARN_ENUM_CONVERSION = YES;
				CLANG_WARN_INT_CONVERSION = YES;
				CLANG_WARN_OBJC_ROOT_CLASS = YES_ERROR;
				CLANG_WARN_UNREACHABLE_CODE = YES;
				CLANG_WARN__DUPLICATE_METHOD_MATCH = YES;
				"CODE_SIGN_IDENTITY[sdk=iphoneos*]" = "iPhone Developer";
				COPY_PHASE_STRIP = NO;
				DEBUG_INFORMATION_FORMAT = "dwarf-with-dsym";
				ENABLE_NS_ASSERTIONS = NO;
				ENABLE_STRICT_OBJC_MSGSEND = YES;
				GCC_C_LANGUAGE_STANDARD = gnu99;
				GCC_NO_COMMON_BLOCKS = YES;
				GCC_WARN_64_TO_32_BIT_CONVERSION = YES;
				GCC_WARN_ABOUT_RETURN_TYPE = YES_ERROR;
				GCC_WARN_UNDECLARED_SELECTOR = YES;
				GCC_WARN_UNINITIALIZED_AUTOS = YES_AGGRESSIVE;
				GCC_WARN_UNUSED_FUNCTION = YES;
				GCC_WARN_UNUSED_VARIABLE = YES;
				IPHONEOS_DEPLOYMENT_TARGET = 9.1;
				MTL_ENABLE_DEBUG_INFO = NO;
				SDKROOT = iphoneos;
				VALIDATE_PRODUCT = YES;
			};
			name = Release;
		};
		CCA3DDD91CE60C1A00F36DE0 /* Debug */ = {
			isa = XCBuildConfiguration;
			buildSettings = {
				ASSETCATALOG_COMPILER_APPICON_NAME = AppIcon;
				CODE_SIGN_IDENTITY = "iPhone Developer";
				"CODE_SIGN_IDENTITY[sdk=iphoneos*]" = "iPhone Developer";
				INFOPLIST_FILE = news_APP/Info.plist;
				LD_RUNPATH_SEARCH_PATHS = "$(inherited) @executable_path/Frameworks";
				PRODUCT_BUNDLE_IDENTIFIER = "com.Qingyun.news-APP";
				PRODUCT_NAME = "$(TARGET_NAME)";
				PROVISIONING_PROFILE = "";
			};
			name = Debug;
		};
		CCA3DDDA1CE60C1A00F36DE0 /* Release */ = {
			isa = XCBuildConfiguration;
			buildSettings = {
				ASSETCATALOG_COMPILER_APPICON_NAME = AppIcon;
				CODE_SIGN_IDENTITY = "iPhone Developer";
				"CODE_SIGN_IDENTITY[sdk=iphoneos*]" = "iPhone Developer";
				INFOPLIST_FILE = news_APP/Info.plist;
				LD_RUNPATH_SEARCH_PATHS = "$(inherited) @executable_path/Frameworks";
				PRODUCT_BUNDLE_IDENTIFIER = "com.Qingyun.news-APP";
				PRODUCT_NAME = "$(TARGET_NAME)";
				PROVISIONING_PROFILE = "";
			};
			name = Release;
		};
		CCA3DDDC1CE60C1A00F36DE0 /* Debug */ = {
			isa = XCBuildConfiguration;
			buildSettings = {
				BUNDLE_LOADER = "$(TEST_HOST)";
				INFOPLIST_FILE = news_APPTests/Info.plist;
				LD_RUNPATH_SEARCH_PATHS = "$(inherited) @executable_path/Frameworks @loader_path/Frameworks";
				PRODUCT_BUNDLE_IDENTIFIER = "com.Qingyun.news-APPTests";
				PRODUCT_NAME = "$(TARGET_NAME)";
				TEST_HOST = "$(BUILT_PRODUCTS_DIR)/news_APP.app/news_APP";
			};
			name = Debug;
		};
		CCA3DDDD1CE60C1A00F36DE0 /* Release */ = {
			isa = XCBuildConfiguration;
			buildSettings = {
				BUNDLE_LOADER = "$(TEST_HOST)";
				INFOPLIST_FILE = news_APPTests/Info.plist;
				LD_RUNPATH_SEARCH_PATHS = "$(inherited) @executable_path/Frameworks @loader_path/Frameworks";
				PRODUCT_BUNDLE_IDENTIFIER = "com.Qingyun.news-APPTests";
				PRODUCT_NAME = "$(TARGET_NAME)";
				TEST_HOST = "$(BUILT_PRODUCTS_DIR)/news_APP.app/news_APP";
			};
			name = Release;
		};
		CCA3DDDF1CE60C1A00F36DE0 /* Debug */ = {
			isa = XCBuildConfiguration;
			buildSettings = {
				INFOPLIST_FILE = news_APPUITests/Info.plist;
				LD_RUNPATH_SEARCH_PATHS = "$(inherited) @executable_path/Frameworks @loader_path/Frameworks";
				PRODUCT_BUNDLE_IDENTIFIER = "com.Qingyun.news-APPUITests";
				PRODUCT_NAME = "$(TARGET_NAME)";
				TEST_TARGET_NAME = news_APP;
				USES_XCTRUNNER = YES;
			};
			name = Debug;
		};
		CCA3DDE01CE60C1A00F36DE0 /* Release */ = {
			isa = XCBuildConfiguration;
			buildSettings = {
				INFOPLIST_FILE = news_APPUITests/Info.plist;
				LD_RUNPATH_SEARCH_PATHS = "$(inherited) @executable_path/Frameworks @loader_path/Frameworks";
				PRODUCT_BUNDLE_IDENTIFIER = "com.Qingyun.news-APPUITests";
				PRODUCT_NAME = "$(TARGET_NAME)";
				TEST_TARGET_NAME = news_APP;
				USES_XCTRUNNER = YES;
			};
			name = Release;
		};
/* End XCBuildConfiguration section */

/* Begin XCConfigurationList section */
		CCA3DDA61CE60C1A00F36DE0 /* Build configuration list for PBXProject "news_APP" */ = {
			isa = XCConfigurationList;
			buildConfigurations = (
				CCA3DDD61CE60C1A00F36DE0 /* Debug */,
				CCA3DDD71CE60C1A00F36DE0 /* Release */,
			);
			defaultConfigurationIsVisible = 0;
			defaultConfigurationName = Release;
		};
		CCA3DDD81CE60C1A00F36DE0 /* Build configuration list for PBXNativeTarget "news_APP" */ = {
			isa = XCConfigurationList;
			buildConfigurations = (
				CCA3DDD91CE60C1A00F36DE0 /* Debug */,
				CCA3DDDA1CE60C1A00F36DE0 /* Release */,
			);
			defaultConfigurationIsVisible = 0;
			defaultConfigurationName = Release;
		};
		CCA3DDDB1CE60C1A00F36DE0 /* Build configuration list for PBXNativeTarget "news_APPTests" */ = {
			isa = XCConfigurationList;
			buildConfigurations = (
				CCA3DDDC1CE60C1A00F36DE0 /* Debug */,
				CCA3DDDD1CE60C1A00F36DE0 /* Release */,
			);
			defaultConfigurationIsVisible = 0;
			defaultConfigurationName = Release;
		};
		CCA3DDDE1CE60C1A00F36DE0 /* Build configuration list for PBXNativeTarget "news_APPUITests" */ = {
			isa = XCConfigurationList;
			buildConfigurations = (
				CCA3DDDF1CE60C1A00F36DE0 /* Debug */,
				CCA3DDE01CE60C1A00F36DE0 /* Release */,
			);
			defaultConfigurationIsVisible = 0;
			defaultConfigurationName = Release;
		};
/* End XCConfigurationList section */
	};
	rootObject = CCA3DDA31CE60C1A00F36DE0 /* Project object */;
}
